// !$*UTF8*$!
{
	archiveVersion = 1;
	classes = {
	};
	objectVersion = 77;
	objects = {

/* Begin PBXBuildFile section */
		02BD6C95D88904D13399F9ED /* Assets.xcassets in Resources */ = {isa = PBXBuildFile; fileRef = 97ED26E9DB0ADA554DD83D90 /* Assets.xcassets */; };
		145DADD88275BB22C8EF0117 /* CDFeatureHomeViewController.m in Sources */ = {isa = PBXBuildFile; fileRef = 75521A157BA07D5AE777EC63 /* CDFeatureHomeViewController.m */; };
		1865C9BAD28D6E8F13EC0320 /* main.m in Sources */ = {isa = PBXBuildFile; fileRef = 40BC1B8AE0DEA7412230DF03 /* main.m */; };
		2A6D9075753D94387AA12C5F /* CDMeshCaptureHostViewController.swift in Sources */ = {isa = PBXBuildFile; fileRef = 779B8C9EDB69303B181931DD /* CDMeshCaptureHostViewController.swift */; };
		2AE167C5CB8DC5669C5E6CB9 /* CDStereoCameraViewController.m in Sources */ = {isa = PBXBuildFile; fileRef = 722E019B120619A3435F8446 /* CDStereoCameraViewController.m */; };
		34F09F69EFF652ABDD44C000 /* MeshPreviewRenderer.swift in Sources */ = {isa = PBXBuildFile; fileRef = 7514B37A6EE331223D7AA398 /* MeshPreviewRenderer.swift */; };
		3D38B0DDB5BCBA64EC3BA2B1 /* CDCameraService.m in Sources */ = {isa = PBXBuildFile; fileRef = CCF8337DEE9500D59AF6EFEB /* CDCameraService.m */; };
		4E521DE7D962F3945DEBE355 /* ARSCNViewContainer.swift in Sources */ = {isa = PBXBuildFile; fileRef = AC9B0B4C32E2B1A8D6AFAEF1 /* ARSCNViewContainer.swift */; };
		527B150E25EE34903877876E /* CDMainTabBarController.m in Sources */ = {isa = PBXBuildFile; fileRef = E74344B24886DADD8580AEB6 /* CDMainTabBarController.m */; };
		5990FB3E90992F1FD16AFB02 /* Metal.framework in Frameworks */ = {isa = PBXBuildFile; fileRef = F0D63696B414E98477699329 /* Metal.framework */; };
		5EF2E13416CCDEA259BF7637 /* CDPendingTabViewController.m in Sources */ = {isa = PBXBuildFile; fileRef = B94C55EC2953D159D3F80AEA /* CDPendingTabViewController.m */; };
		64E68568C429FD02FB4C0BAA /* PlaneCoveragePainter.swift in Sources */ = {isa = PBXBuildFile; fileRef = 55DF6A06A19924BA8F800B53 /* PlaneCoveragePainter.swift */; };
		671CAEC0B8B63F9754438101 /* MeshCaptureRecordStoreTests.swift in Sources */ = {isa = PBXBuildFile; fileRef = A2FCE20E0A48EA43BDCC0271 /* MeshCaptureRecordStoreTests.swift */; };
		6B2D38B68135EB6D948BA675 /* CDMeshCameraViewController.m in Sources */ = {isa = PBXBuildFile; fileRef = 9A68DC27A0463B2A4BFC1634 /* CDMeshCameraViewController.m */; };
		6E80DAE65FA2A6D72F6FEAAA /* MeshReviewSceneBuilder.swift in Sources */ = {isa = PBXBuildFile; fileRef = 6E2A5FE56765810AF9D06E52 /* MeshReviewSceneBuilder.swift */; };
		7ADD782B5DC44BC5E1AF9D58 /* DepthCoverageAccumulator.swift in Sources */ = {isa = PBXBuildFile; fileRef = 0AAE88B97D5213031E509854 /* DepthCoverageAccumulator.swift */; };
		7B213CC30738A51E8535D759 /* CaptureReviewModels.swift in Sources */ = {isa = PBXBuildFile; fileRef = 8396906A6BE840C35DB97072 /* CaptureReviewModels.swift */; };
		7CCF9461ADCF0C11E0ADE551 /* RenderMode.swift in Sources */ = {isa = PBXBuildFile; fileRef = 516166F25DC1DCDB3317767E /* RenderMode.swift */; };
		8226CC93FC928695F7076133 /* PointCloudAccumulator.swift in Sources */ = {isa = PBXBuildFile; fileRef = 37F8F36807E29CE39A3CF2D9 /* PointCloudAccumulator.swift */; };
		8494A71F0472D1883844ADBF /* VideoPoseRecorder.swift in Sources */ = {isa = PBXBuildFile; fileRef = C4DA18D87E38BC24A965D6B8 /* VideoPoseRecorder.swift */; };
		854EAB2947327BAD6A396D01 /* SceneKit.framework in Frameworks */ = {isa = PBXBuildFile; fileRef = 9888C204A6582D5AD79F52E2 /* SceneKit.framework */; };
		88B46FF30AA696AAF97EFA50 /* CameraPoseSample.swift in Sources */ = {isa = PBXBuildFile; fileRef = D3DB3A5C7D258DE23C4E726C /* CameraPoseSample.swift */; };
		959F756DE664F508525632D6 /* CDCameraSettingsViewController.m in Sources */ = {isa = PBXBuildFile; fileRef = 423CA50CC27C68F3DB672107 /* CDCameraSettingsViewController.m */; };
		9AC81C167A47883702581175 /* MeshCaptureRecordStore.swift in Sources */ = {isa = PBXBuildFile; fileRef = B940E3F2440C393E02D0462E /* MeshCaptureRecordStore.swift */; };
		9DBF5A13AD5F385CC6AE856A /* AppDelegate.m in Sources */ = {isa = PBXBuildFile; fileRef = 77CD7CCFEA220FCED7278D95 /* AppDelegate.m */; };
		A0C80FEFE09A046D07097C9B /* AVFoundation.framework in Frameworks */ = {isa = PBXBuildFile; fileRef = F5E01EBE98B32559E14C00B8 /* AVFoundation.framework */; };
		A1B1721A90DF5E79B6917772 /* CoreMedia.framework in Frameworks */ = {isa = PBXBuildFile; fileRef = 4BD7C5EB5BF95A993502A248 /* CoreMedia.framework */; };
		A9220851B44249DA92421BC1 /* CDMeshCaptureListViewController.swift in Sources */ = {isa = PBXBuildFile; fileRef = 3CEB82971720667517D321FA /* CDMeshCaptureListViewController.swift */; };
		BE0908859B8D489AC69AB6B8 /* CaptureSessionModel.swift in Sources */ = {isa = PBXBuildFile; fileRef = 5BA094D6CB787297F110D80A /* CaptureSessionModel.swift */; };
		C57B38DFCEFCAAC64F501291 /* CaptureReviewView.swift in Sources */ = {isa = PBXBuildFile; fileRef = 7FC144386A226212F6165802 /* CaptureReviewView.swift */; };
		C9854FD1F83919D2835D6BEF /* CDMeshCaptureDetailViewController.swift in Sources */ = {isa = PBXBuildFile; fileRef = 082EEE32784E9B7C4D522567 /* CDMeshCaptureDetailViewController.swift */; };
		CA75CFB00D5CFA0A65C93098 /* SkyboxCoverageAccumulator.swift in Sources */ = {isa = PBXBuildFile; fileRef = D2900D5D6AF2A90598252FA7 /* SkyboxCoverageAccumulator.swift */; };
		CFF2260D245C1123D873018B /* SimpleZipWriter.swift in Sources */ = {isa = PBXBuildFile; fileRef = FF9721F113FEB9BF42CBE12C /* SimpleZipWriter.swift */; };
		D0AC08FFE40D3BB9D607E8D1 /* ARKit.framework in Frameworks */ = {isa = PBXBuildFile; fileRef = CEF1F5C9527A6ECC2E2293D0 /* ARKit.framework */; };
		DB2B3DA81A4423EAE02B2FDF /* CDCameraViewController.m in Sources */ = {isa = PBXBuildFile; fileRef = 9CCF320B4D2FB28E3CA3BD1F /* CDCameraViewController.m */; };
		E3C816AB1EE28478EC55FE1D /* CDPlaceholderViewController.m in Sources */ = {isa = PBXBuildFile; fileRef = B8922E219286394E89E4A501 /* CDPlaceholderViewController.m */; };
		F1327A000D9CEEA0E508EF81 /* MeshGeometryBuilder.swift in Sources */ = {isa = PBXBuildFile; fileRef = B810778D80147703E5B384A6 /* MeshGeometryBuilder.swift */; };
		F497F177A814B250B3436E1F /* MeshOBJExporter.swift in Sources */ = {isa = PBXBuildFile; fileRef = DC5E8B907DE8ED89E5CFC684 /* MeshOBJExporter.swift */; };
		FF2A792285CD02D3A995B4CC /* CDVideoListViewController.m in Sources */ = {isa = PBXBuildFile; fileRef = E59AB1E1300DBE5FA5B77ADC /* CDVideoListViewController.m */; };
		FF5ECDF5A4FCBF277A215EAF /* ContentView.swift in Sources */ = {isa = PBXBuildFile; fileRef = 20CCBC685097209922BF8350 /* ContentView.swift */; };
		FFAC417D360ADF9046FB5049 /* Photos.framework in Frameworks */ = {isa = PBXBuildFile; fileRef = F327FBC7003BF433B0B16D43 /* Photos.framework */; };
/* End PBXBuildFile section */

/* Begin PBXContainerItemProxy section */
		89049719E9CEDBB955FF0450 /* PBXContainerItemProxy */ = {
			isa = PBXContainerItemProxy;
			containerPortal = 177D0CEB441C87CA54CB0593 /* Project object */;
			proxyType = 1;
			remoteGlobalIDString = 7138C473A2A5AAB11DCD1A99;
			remoteInfo = CaptureDemo;
		};
/* End PBXContainerItemProxy section */

/* Begin PBXFileReference section */
		04E5EE0A49B71723BEA362C7 /* CDFeatureHomeViewController.h */ = {isa = PBXFileReference; lastKnownFileType = sourcecode.c.h; path = CDFeatureHomeViewController.h; sourceTree = "<group>"; };
		082EEE32784E9B7C4D522567 /* CDMeshCaptureDetailViewController.swift */ = {isa = PBXFileReference; lastKnownFileType = sourcecode.swift; path = CDMeshCaptureDetailViewController.swift; sourceTree = "<group>"; };
		0AAE88B97D5213031E509854 /* DepthCoverageAccumulator.swift */ = {isa = PBXFileReference; lastKnownFileType = sourcecode.swift; path = DepthCoverageAccumulator.swift; sourceTree = "<group>"; };
		0FD9061BC50A7DA5DF7E8AB7 /* CDPendingTabViewController.h */ = {isa = PBXFileReference; lastKnownFileType = sourcecode.c.h; path = CDPendingTabViewController.h; sourceTree = "<group>"; };
		20CCBC685097209922BF8350 /* ContentView.swift */ = {isa = PBXFileReference; lastKnownFileType = sourcecode.swift; path = ContentView.swift; sourceTree = "<group>"; };
		20DD519B3C392BC3EDE0FF03 /* Info.plist */ = {isa = PBXFileReference; lastKnownFileType = text.plist; path = Info.plist; sourceTree = "<group>"; };
		37F8F36807E29CE39A3CF2D9 /* PointCloudAccumulator.swift */ = {isa = PBXFileReference; lastKnownFileType = sourcecode.swift; path = PointCloudAccumulator.swift; sourceTree = "<group>"; };
		3CB574BA545BB9F800753E62 /* CDCameraViewController.h */ = {isa = PBXFileReference; lastKnownFileType = sourcecode.c.h; path = CDCameraViewController.h; sourceTree = "<group>"; };
		3CEB82971720667517D321FA /* CDMeshCaptureListViewController.swift */ = {isa = PBXFileReference; lastKnownFileType = sourcecode.swift; path = CDMeshCaptureListViewController.swift; sourceTree = "<group>"; };
		40BC1B8AE0DEA7412230DF03 /* main.m */ = {isa = PBXFileReference; lastKnownFileType = sourcecode.c.objc; path = main.m; sourceTree = "<group>"; };
		423CA50CC27C68F3DB672107 /* CDCameraSettingsViewController.m */ = {isa = PBXFileReference; lastKnownFileType = sourcecode.c.objc; path = CDCameraSettingsViewController.m; sourceTree = "<group>"; };
		4BD7C5EB5BF95A993502A248 /* CoreMedia.framework */ = {isa = PBXFileReference; lastKnownFileType = wrapper.framework; name = CoreMedia.framework; path = System/Library/Frameworks/CoreMedia.framework; sourceTree = SDKROOT; };
		516166F25DC1DCDB3317767E /* RenderMode.swift */ = {isa = PBXFileReference; lastKnownFileType = sourcecode.swift; path = RenderMode.swift; sourceTree = "<group>"; };
		55DF6A06A19924BA8F800B53 /* PlaneCoveragePainter.swift */ = {isa = PBXFileReference; lastKnownFileType = sourcecode.swift; path = PlaneCoveragePainter.swift; sourceTree = "<group>"; };
		5BA094D6CB787297F110D80A /* CaptureSessionModel.swift */ = {isa = PBXFileReference; lastKnownFileType = sourcecode.swift; path = CaptureSessionModel.swift; sourceTree = "<group>"; };
		643D08CFF99EF83A5EE8D712 /* CDCameraSettingsViewController.h */ = {isa = PBXFileReference; lastKnownFileType = sourcecode.c.h; path = CDCameraSettingsViewController.h; sourceTree = "<group>"; };
		6CDCD57447AA713C8F6BF9A8 /* CaptureDemo.app */ = {isa = PBXFileReference; explicitFileType = wrapper.application; includeInIndex = 0; path = CaptureDemo.app; sourceTree = BUILT_PRODUCTS_DIR; };
		6E2A5FE56765810AF9D06E52 /* MeshReviewSceneBuilder.swift */ = {isa = PBXFileReference; lastKnownFileType = sourcecode.swift; path = MeshReviewSceneBuilder.swift; sourceTree = "<group>"; };
		722E019B120619A3435F8446 /* CDStereoCameraViewController.m */ = {isa = PBXFileReference; lastKnownFileType = sourcecode.c.objc; path = CDStereoCameraViewController.m; sourceTree = "<group>"; };
		7514B37A6EE331223D7AA398 /* MeshPreviewRenderer.swift */ = {isa = PBXFileReference; lastKnownFileType = sourcecode.swift; path = MeshPreviewRenderer.swift; sourceTree = "<group>"; };
		75521A157BA07D5AE777EC63 /* CDFeatureHomeViewController.m */ = {isa = PBXFileReference; lastKnownFileType = sourcecode.c.objc; path = CDFeatureHomeViewController.m; sourceTree = "<group>"; };
		779B8C9EDB69303B181931DD /* CDMeshCaptureHostViewController.swift */ = {isa = PBXFileReference; lastKnownFileType = sourcecode.swift; path = CDMeshCaptureHostViewController.swift; sourceTree = "<group>"; };
		77CD7CCFEA220FCED7278D95 /* AppDelegate.m */ = {isa = PBXFileReference; lastKnownFileType = sourcecode.c.objc; path = AppDelegate.m; sourceTree = "<group>"; };
		7FC144386A226212F6165802 /* CaptureReviewView.swift */ = {isa = PBXFileReference; lastKnownFileType = sourcecode.swift; path = CaptureReviewView.swift; sourceTree = "<group>"; };
		8396906A6BE840C35DB97072 /* CaptureReviewModels.swift */ = {isa = PBXFileReference; lastKnownFileType = sourcecode.swift; path = CaptureReviewModels.swift; sourceTree = "<group>"; };
		84DFACB5EEDABF2F447435D6 /* CDStereoCameraViewController.h */ = {isa = PBXFileReference; lastKnownFileType = sourcecode.c.h; path = CDStereoCameraViewController.h; sourceTree = "<group>"; };
		88D9276DE8D9D43CC3D1DC9F /* CDMeshCameraViewController.h */ = {isa = PBXFileReference; lastKnownFileType = sourcecode.c.h; path = CDMeshCameraViewController.h; sourceTree = "<group>"; };
		97ED26E9DB0ADA554DD83D90 /* Assets.xcassets */ = {isa = PBXFileReference; lastKnownFileType = folder.assetcatalog; path = Assets.xcassets; sourceTree = "<group>"; };
		9888C204A6582D5AD79F52E2 /* SceneKit.framework */ = {isa = PBXFileReference; lastKnownFileType = wrapper.framework; path = SceneKit.framework; sourceTree = "<group>"; };
		9A68DC27A0463B2A4BFC1634 /* CDMeshCameraViewController.m */ = {isa = PBXFileReference; lastKnownFileType = sourcecode.c.objc; path = CDMeshCameraViewController.m; sourceTree = "<group>"; };
		9B513ED97A97505EF21CDE11 /* CDMainTabBarController.h */ = {isa = PBXFileReference; lastKnownFileType = sourcecode.c.h; path = CDMainTabBarController.h; sourceTree = "<group>"; };
		9CCF320B4D2FB28E3CA3BD1F /* CDCameraViewController.m */ = {isa = PBXFileReference; lastKnownFileType = sourcecode.c.objc; path = CDCameraViewController.m; sourceTree = "<group>"; };
		A2FCE20E0A48EA43BDCC0271 /* MeshCaptureRecordStoreTests.swift */ = {isa = PBXFileReference; lastKnownFileType = sourcecode.swift; path = MeshCaptureRecordStoreTests.swift; sourceTree = "<group>"; };
		AC9B0B4C32E2B1A8D6AFAEF1 /* ARSCNViewContainer.swift */ = {isa = PBXFileReference; lastKnownFileType = sourcecode.swift; path = ARSCNViewContainer.swift; sourceTree = "<group>"; };
		AF5CD9AF61E013B8DEB60BDD /* CDCameraService.h */ = {isa = PBXFileReference; lastKnownFileType = sourcecode.c.h; path = CDCameraService.h; sourceTree = "<group>"; };
		B521DF3904953DD8F20891CE /* CDPlaceholderViewController.h */ = {isa = PBXFileReference; lastKnownFileType = sourcecode.c.h; path = CDPlaceholderViewController.h; sourceTree = "<group>"; };
		B810778D80147703E5B384A6 /* MeshGeometryBuilder.swift */ = {isa = PBXFileReference; lastKnownFileType = sourcecode.swift; path = MeshGeometryBuilder.swift; sourceTree = "<group>"; };
		B8922E219286394E89E4A501 /* CDPlaceholderViewController.m */ = {isa = PBXFileReference; lastKnownFileType = sourcecode.c.objc; path = CDPlaceholderViewController.m; sourceTree = "<group>"; };
		B940E3F2440C393E02D0462E /* MeshCaptureRecordStore.swift */ = {isa = PBXFileReference; lastKnownFileType = sourcecode.swift; path = MeshCaptureRecordStore.swift; sourceTree = "<group>"; };
		B94C55EC2953D159D3F80AEA /* CDPendingTabViewController.m */ = {isa = PBXFileReference; lastKnownFileType = sourcecode.c.objc; path = CDPendingTabViewController.m; sourceTree = "<group>"; };
		C4DA18D87E38BC24A965D6B8 /* VideoPoseRecorder.swift */ = {isa = PBXFileReference; lastKnownFileType = sourcecode.swift; path = VideoPoseRecorder.swift; sourceTree = "<group>"; };
		CB225DCFA0198B060FC9B9E1 /* CaptureDemoTests.xctest */ = {isa = PBXFileReference; includeInIndex = 0; lastKnownFileType = wrapper.cfbundle; path = CaptureDemoTests.xctest; sourceTree = BUILT_PRODUCTS_DIR; };
		CCF8337DEE9500D59AF6EFEB /* CDCameraService.m */ = {isa = PBXFileReference; lastKnownFileType = sourcecode.c.objc; path = CDCameraService.m; sourceTree = "<group>"; };
		CEF1F5C9527A6ECC2E2293D0 /* ARKit.framework */ = {isa = PBXFileReference; lastKnownFileType = wrapper.framework; path = ARKit.framework; sourceTree = "<group>"; };
		D2900D5D6AF2A90598252FA7 /* SkyboxCoverageAccumulator.swift */ = {isa = PBXFileReference; lastKnownFileType = sourcecode.swift; path = SkyboxCoverageAccumulator.swift; sourceTree = "<group>"; };
		D3DB3A5C7D258DE23C4E726C /* CameraPoseSample.swift */ = {isa = PBXFileReference; lastKnownFileType = sourcecode.swift; path = CameraPoseSample.swift; sourceTree = "<group>"; };
		DC5E8B907DE8ED89E5CFC684 /* MeshOBJExporter.swift */ = {isa = PBXFileReference; lastKnownFileType = sourcecode.swift; path = MeshOBJExporter.swift; sourceTree = "<group>"; };
		E59AB1E1300DBE5FA5B77ADC /* CDVideoListViewController.m */ = {isa = PBXFileReference; lastKnownFileType = sourcecode.c.objc; path = CDVideoListViewController.m; sourceTree = "<group>"; };
		E74344B24886DADD8580AEB6 /* CDMainTabBarController.m */ = {isa = PBXFileReference; lastKnownFileType = sourcecode.c.objc; path = CDMainTabBarController.m; sourceTree = "<group>"; };
		EB0408E45632064B684543D1 /* CDVideoListViewController.h */ = {isa = PBXFileReference; lastKnownFileType = sourcecode.c.h; path = CDVideoListViewController.h; sourceTree = "<group>"; };
		F0D63696B414E98477699329 /* Metal.framework */ = {isa = PBXFileReference; lastKnownFileType = wrapper.framework; path = Metal.framework; sourceTree = "<group>"; };
		F327FBC7003BF433B0B16D43 /* Photos.framework */ = {isa = PBXFileReference; lastKnownFileType = wrapper.framework; path = Photos.framework; sourceTree = "<group>"; };
		F57A23658EDA20131C3B6CFA /* AppDelegate.h */ = {isa = PBXFileReference; lastKnownFileType = sourcecode.c.h; path = AppDelegate.h; sourceTree = "<group>"; };
		F5E01EBE98B32559E14C00B8 /* AVFoundation.framework */ = {isa = PBXFileReference; lastKnownFileType = wrapper.framework; path = AVFoundation.framework; sourceTree = "<group>"; };
		FF9721F113FEB9BF42CBE12C /* SimpleZipWriter.swift */ = {isa = PBXFileReference; lastKnownFileType = sourcecode.swift; path = SimpleZipWriter.swift; sourceTree = "<group>"; };
/* End PBXFileReference section */

/* Begin PBXFrameworksBuildPhase section */
		9917ABAF24FFBF4D13B7F9FC /* Frameworks */ = {
			isa = PBXFrameworksBuildPhase;
			buildActionMask = 2147483647;
			files = (
				A0C80FEFE09A046D07097C9B /* AVFoundation.framework in Frameworks */,
				D0AC08FFE40D3BB9D607E8D1 /* ARKit.framework in Frameworks */,
				854EAB2947327BAD6A396D01 /* SceneKit.framework in Frameworks */,
				5990FB3E90992F1FD16AFB02 /* Metal.framework in Frameworks */,
				FFAC417D360ADF9046FB5049 /* Photos.framework in Frameworks */,
				A1B1721A90DF5E79B6917772 /* CoreMedia.framework in Frameworks */,
			);
			runOnlyForDeploymentPostprocessing = 0;
		};
/* End PBXFrameworksBuildPhase section */

/* Begin PBXGroup section */
		1DDBB94CBD29599801726F8E /* Resources */ = {
			isa = PBXGroup;
			children = (
				97ED26E9DB0ADA554DD83D90 /* Assets.xcassets */,
			);
			path = Resources;
			sourceTree = "<group>";
		};
		2E7C4BF7E35C078837B41180 /* PendingTab */ = {
			isa = PBXGroup;
			children = (
				0FD9061BC50A7DA5DF7E8AB7 /* CDPendingTabViewController.h */,
				B94C55EC2953D159D3F80AEA /* CDPendingTabViewController.m */,
			);
			path = PendingTab;
			sourceTree = "<group>";
		};
		35BDDCD042D5792C4BDB3A58 /* RoomShootFeature */ = {
			isa = PBXGroup;
			children = (
				AC9B0B4C32E2B1A8D6AFAEF1 /* ARSCNViewContainer.swift */,
				D3DB3A5C7D258DE23C4E726C /* CameraPoseSample.swift */,
				8396906A6BE840C35DB97072 /* CaptureReviewModels.swift */,
				7FC144386A226212F6165802 /* CaptureReviewView.swift */,
				5BA094D6CB787297F110D80A /* CaptureSessionModel.swift */,
				20CCBC685097209922BF8350 /* ContentView.swift */,
				0AAE88B97D5213031E509854 /* DepthCoverageAccumulator.swift */,
				B940E3F2440C393E02D0462E /* MeshCaptureRecordStore.swift */,
				B810778D80147703E5B384A6 /* MeshGeometryBuilder.swift */,
				DC5E8B907DE8ED89E5CFC684 /* MeshOBJExporter.swift */,
				7514B37A6EE331223D7AA398 /* MeshPreviewRenderer.swift */,
				6E2A5FE56765810AF9D06E52 /* MeshReviewSceneBuilder.swift */,
				55DF6A06A19924BA8F800B53 /* PlaneCoveragePainter.swift */,
				37F8F36807E29CE39A3CF2D9 /* PointCloudAccumulator.swift */,
				516166F25DC1DCDB3317767E /* RenderMode.swift */,
				FF9721F113FEB9BF42CBE12C /* SimpleZipWriter.swift */,
				D2900D5D6AF2A90598252FA7 /* SkyboxCoverageAccumulator.swift */,
				C4DA18D87E38BC24A965D6B8 /* VideoPoseRecorder.swift */,
			);
			path = RoomShootFeature;
			sourceTree = "<group>";
		};
		392A30772B98819E0BF152B2 /* Frameworks */ = {
			isa = PBXGroup;
			children = (
				CEF1F5C9527A6ECC2E2293D0 /* ARKit.framework */,
				F5E01EBE98B32559E14C00B8 /* AVFoundation.framework */,
				4BD7C5EB5BF95A993502A248 /* CoreMedia.framework */,
				F0D63696B414E98477699329 /* Metal.framework */,
				F327FBC7003BF433B0B16D43 /* Photos.framework */,
				9888C204A6582D5AD79F52E2 /* SceneKit.framework */,
			);
			name = Frameworks;
			sourceTree = "<group>";
		};
		44F5D41F3370F88ECCE9CBF8 /* Services */ = {
			isa = PBXGroup;
			children = (
				AF5CD9AF61E013B8DEB60BDD /* CDCameraService.h */,
				CCF8337DEE9500D59AF6EFEB /* CDCameraService.m */,
			);
			path = Services;
			sourceTree = "<group>";
		};
		5A02F2729CBE5766D608A385 /* Common */ = {
			isa = PBXGroup;
			children = (
				04E5EE0A49B71723BEA362C7 /* CDFeatureHomeViewController.h */,
				75521A157BA07D5AE777EC63 /* CDFeatureHomeViewController.m */,
				B521DF3904953DD8F20891CE /* CDPlaceholderViewController.h */,
				B8922E219286394E89E4A501 /* CDPlaceholderViewController.m */,
			);
			path = Common;
			sourceTree = "<group>";
		};
		65C1FF63E5693A5BE2B2960E /* CaptureDemoTests */ = {
			isa = PBXGroup;
			children = (
				D8A4CD131E87851910D16D03 /* MeshCamera */,
			);
			path = CaptureDemoTests;
			sourceTree = "<group>";
		};
		6A15515B6E494A67003A0FFD /* StereoCamera */ = {
			isa = PBXGroup;
			children = (
				84DFACB5EEDABF2F447435D6 /* CDStereoCameraViewController.h */,
				722E019B120619A3435F8446 /* CDStereoCameraViewController.m */,
			);
			path = StereoCamera;
			sourceTree = "<group>";
		};
		77D80239B82413D6B81DAEC4 = {
			isa = PBXGroup;
			children = (
				BBF11E7175119BE63F0CDEE6 /* App */,
				FF831BC9F7883F5EAF5A32AC /* CaptureDemo */,
				65C1FF63E5693A5BE2B2960E /* CaptureDemoTests */,
				1DDBB94CBD29599801726F8E /* Resources */,
				44F5D41F3370F88ECCE9CBF8 /* Services */,
				D6D36B346709D0DB3CE21AEB /* ViewControllers */,
				392A30772B98819E0BF152B2 /* Frameworks */,
				DE765E517D2253A84D21EFF1 /* Products */,
			);
			sourceTree = "<group>";
		};
		BBF11E7175119BE63F0CDEE6 /* App */ = {
			isa = PBXGroup;
			children = (
				F57A23658EDA20131C3B6CFA /* AppDelegate.h */,
				77CD7CCFEA220FCED7278D95 /* AppDelegate.m */,
				40BC1B8AE0DEA7412230DF03 /* main.m */,
			);
			path = App;
			sourceTree = "<group>";
		};
		C70A8CEFB3620C5C7D5BDDC4 /* MeshCamera */ = {
			isa = PBXGroup;
			children = (
				88D9276DE8D9D43CC3D1DC9F /* CDMeshCameraViewController.h */,
				9A68DC27A0463B2A4BFC1634 /* CDMeshCameraViewController.m */,
				082EEE32784E9B7C4D522567 /* CDMeshCaptureDetailViewController.swift */,
				779B8C9EDB69303B181931DD /* CDMeshCaptureHostViewController.swift */,
				3CEB82971720667517D321FA /* CDMeshCaptureListViewController.swift */,
				35BDDCD042D5792C4BDB3A58 /* RoomShootFeature */,
			);
			path = MeshCamera;
			sourceTree = "<group>";
		};
		D6D36B346709D0DB3CE21AEB /* ViewControllers */ = {
			isa = PBXGroup;
			children = (
				643D08CFF99EF83A5EE8D712 /* CDCameraSettingsViewController.h */,
				423CA50CC27C68F3DB672107 /* CDCameraSettingsViewController.m */,
				5A02F2729CBE5766D608A385 /* Common */,
				F5821BF82A1702FA6EE61A84 /* MainTabs */,
				C70A8CEFB3620C5C7D5BDDC4 /* MeshCamera */,
				F301EBE36984D43737F57F79 /* ParameterCamera */,
				2E7C4BF7E35C078837B41180 /* PendingTab */,
				6A15515B6E494A67003A0FFD /* StereoCamera */,
			);
			path = ViewControllers;
			sourceTree = "<group>";
		};
		D8A4CD131E87851910D16D03 /* MeshCamera */ = {
			isa = PBXGroup;
			children = (
				A2FCE20E0A48EA43BDCC0271 /* MeshCaptureRecordStoreTests.swift */,
			);
			path = MeshCamera;
			sourceTree = "<group>";
		};
		DE765E517D2253A84D21EFF1 /* Products */ = {
			isa = PBXGroup;
			children = (
				6CDCD57447AA713C8F6BF9A8 /* CaptureDemo.app */,
				CB225DCFA0198B060FC9B9E1 /* CaptureDemoTests.xctest */,
			);
			name = Products;
			sourceTree = "<group>";
		};
		F301EBE36984D43737F57F79 /* ParameterCamera */ = {
			isa = PBXGroup;
			children = (
				3CB574BA545BB9F800753E62 /* CDCameraViewController.h */,
				9CCF320B4D2FB28E3CA3BD1F /* CDCameraViewController.m */,
				EB0408E45632064B684543D1 /* CDVideoListViewController.h */,
				E59AB1E1300DBE5FA5B77ADC /* CDVideoListViewController.m */,
			);
			path = ParameterCamera;
			sourceTree = "<group>";
		};
		F5821BF82A1702FA6EE61A84 /* MainTabs */ = {
			isa = PBXGroup;
			children = (
				9B513ED97A97505EF21CDE11 /* CDMainTabBarController.h */,
				E74344B24886DADD8580AEB6 /* CDMainTabBarController.m */,
			);
			path = MainTabs;
			sourceTree = "<group>";
		};
		FF831BC9F7883F5EAF5A32AC /* CaptureDemo */ = {
			isa = PBXGroup;
			children = (
				20DD519B3C392BC3EDE0FF03 /* Info.plist */,
			);
			path = CaptureDemo;
			sourceTree = "<group>";
		};
/* End PBXGroup section */

/* Begin PBXNativeTarget section */
		5CB799F7F59F3BAF7E8C8CA8 /* CaptureDemoTests */ = {
			isa = PBXNativeTarget;
			buildConfigurationList = 30A4979E2BBE21EDE84BC542 /* Build configuration list for PBXNativeTarget "CaptureDemoTests" */;
			buildPhases = (
				D6CBCF25CFE7556C67270EF3 /* Sources */,
			);
			buildRules = (
			);
			dependencies = (
				2E2C58B617CB351AF5A59497 /* PBXTargetDependency */,
			);
			name = CaptureDemoTests;
			packageProductDependencies = (
			);
			productName = CaptureDemoTests;
			productReference = CB225DCFA0198B060FC9B9E1 /* CaptureDemoTests.xctest */;
			productType = "com.apple.product-type.bundle.unit-test";
		};
		7138C473A2A5AAB11DCD1A99 /* CaptureDemo */ = {
			isa = PBXNativeTarget;
			buildConfigurationList = 2B80C83D952B62131334AEAE /* Build configuration list for PBXNativeTarget "CaptureDemo" */;
			buildPhases = (
				C147ACE8FC8449A7F2492041 /* Sources */,
				00976405CE18DC951D1D3AA9 /* Resources */,
				9917ABAF24FFBF4D13B7F9FC /* Frameworks */,
			);
			buildRules = (
			);
			dependencies = (
			);
			name = CaptureDemo;
			packageProductDependencies = (
			);
			productName = CaptureDemo;
			productReference = 6CDCD57447AA713C8F6BF9A8 /* CaptureDemo.app */;
			productType = "com.apple.product-type.application";
		};
/* End PBXNativeTarget section */

/* Begin PBXProject section */
		177D0CEB441C87CA54CB0593 /* Project object */ = {
			isa = PBXProject;
			attributes = {
				BuildIndependentTargetsInParallel = YES;
				LastUpgradeCheck = 1500;
			};
			buildConfigurationList = 24A07EF4E25983AA6B16A594 /* Build configuration list for PBXProject "CaptureDemo" */;
			developmentRegion = en;
			hasScannedForEncodings = 0;
			knownRegions = (
				Base,
				en,
			);
			mainGroup = 77D80239B82413D6B81DAEC4;
			minimizedProjectReferenceProxies = 1;
			preferredProjectObjectVersion = 77;
			productRefGroup = DE765E517D2253A84D21EFF1 /* Products */;
			projectDirPath = "";
			projectRoot = "";
			targets = (
				7138C473A2A5AAB11DCD1A99 /* CaptureDemo */,
				5CB799F7F59F3BAF7E8C8CA8 /* CaptureDemoTests */,
			);
		};
/* End PBXProject section */

/* Begin PBXResourcesBuildPhase section */
		00976405CE18DC951D1D3AA9 /* Resources */ = {
			isa = PBXResourcesBuildPhase;
			buildActionMask = 2147483647;
			files = (
				02BD6C95D88904D13399F9ED /* Assets.xcassets in Resources */,
			);
			runOnlyForDeploymentPostprocessing = 0;
		};
/* End PBXResourcesBuildPhase section */

/* Begin PBXSourcesBuildPhase section */
		C147ACE8FC8449A7F2492041 /* Sources */ = {
			isa = PBXSourcesBuildPhase;
			buildActionMask = 2147483647;
			files = (
				4E521DE7D962F3945DEBE355 /* ARSCNViewContainer.swift in Sources */,
				9DBF5A13AD5F385CC6AE856A /* AppDelegate.m in Sources */,
				3D38B0DDB5BCBA64EC3BA2B1 /* CDCameraService.m in Sources */,
				959F756DE664F508525632D6 /* CDCameraSettingsViewController.m in Sources */,
				DB2B3DA81A4423EAE02B2FDF /* CDCameraViewController.m in Sources */,
				145DADD88275BB22C8EF0117 /* CDFeatureHomeViewController.m in Sources */,
				527B150E25EE34903877876E /* CDMainTabBarController.m in Sources */,
				6B2D38B68135EB6D948BA675 /* CDMeshCameraViewController.m in Sources */,
				C9854FD1F83919D2835D6BEF /* CDMeshCaptureDetailViewController.swift in Sources */,
				2A6D9075753D94387AA12C5F /* CDMeshCaptureHostViewController.swift in Sources */,
				A9220851B44249DA92421BC1 /* CDMeshCaptureListViewController.swift in Sources */,
				5EF2E13416CCDEA259BF7637 /* CDPendingTabViewController.m in Sources */,
				E3C816AB1EE28478EC55FE1D /* CDPlaceholderViewController.m in Sources */,
				2AE167C5CB8DC5669C5E6CB9 /* CDStereoCameraViewController.m in Sources */,
				FF2A792285CD02D3A995B4CC /* CDVideoListViewController.m in Sources */,
				88B46FF30AA696AAF97EFA50 /* CameraPoseSample.swift in Sources */,
				7B213CC30738A51E8535D759 /* CaptureReviewModels.swift in Sources */,
				C57B38DFCEFCAAC64F501291 /* CaptureReviewView.swift in Sources */,
				BE0908859B8D489AC69AB6B8 /* CaptureSessionModel.swift in Sources */,
				FF5ECDF5A4FCBF277A215EAF /* ContentView.swift in Sources */,
				7ADD782B5DC44BC5E1AF9D58 /* DepthCoverageAccumulator.swift in Sources */,
				9AC81C167A47883702581175 /* MeshCaptureRecordStore.swift in Sources */,
				F1327A000D9CEEA0E508EF81 /* MeshGeometryBuilder.swift in Sources */,
				F497F177A814B250B3436E1F /* MeshOBJExporter.swift in Sources */,
				34F09F69EFF652ABDD44C000 /* MeshPreviewRenderer.swift in Sources */,
				6E80DAE65FA2A6D72F6FEAAA /* MeshReviewSceneBuilder.swift in Sources */,
				64E68568C429FD02FB4C0BAA /* PlaneCoveragePainter.swift in Sources */,
				8226CC93FC928695F7076133 /* PointCloudAccumulator.swift in Sources */,
				7CCF9461ADCF0C11E0ADE551 /* RenderMode.swift in Sources */,
				CFF2260D245C1123D873018B /* SimpleZipWriter.swift in Sources */,
				CA75CFB00D5CFA0A65C93098 /* SkyboxCoverageAccumulator.swift in Sources */,
				8494A71F0472D1883844ADBF /* VideoPoseRecorder.swift in Sources */,
				1865C9BAD28D6E8F13EC0320 /* main.m in Sources */,
			);
			runOnlyForDeploymentPostprocessing = 0;
		};
		D6CBCF25CFE7556C67270EF3 /* Sources */ = {
			isa = PBXSourcesBuildPhase;
			buildActionMask = 2147483647;
			files = (
				671CAEC0B8B63F9754438101 /* MeshCaptureRecordStoreTests.swift in Sources */,
			);
			runOnlyForDeploymentPostprocessing = 0;
		};
/* End PBXSourcesBuildPhase section */

/* Begin PBXTargetDependency section */
		2E2C58B617CB351AF5A59497 /* PBXTargetDependency */ = {
			isa = PBXTargetDependency;
			target = 7138C473A2A5AAB11DCD1A99 /* CaptureDemo */;
			targetProxy = 89049719E9CEDBB955FF0450 /* PBXContainerItemProxy */;
		};
/* End PBXTargetDependency section */

/* Begin XCBuildConfiguration section */
		49CCA88B29869B801D99888C /* Debug */ = {
			isa = XCBuildConfiguration;
			buildSettings = {
				ASSETCATALOG_COMPILER_APPICON_NAME = AppIcon;
				CLANG_ENABLE_OBJC_ARC = YES;
				CODE_SIGN_IDENTITY = "iPhone Developer";
				DEVELOPMENT_TEAM = 2867UNTJFF;
				FRAMEWORK_SEARCH_PATHS = (
					"$(inherited)",
					"\".\"",
				);
				INFOPLIST_FILE = CaptureDemo/Info.plist;
				INFOPLIST_KEY_CFBundleDisplayName = "相机采集";
				INFOPLIST_KEY_NSCameraUsageDescription = "采集高质量视频素材用于3D重建";
				INFOPLIST_KEY_NSMicrophoneUsageDescription = "录制环境声音";
				LD_RUNPATH_SEARCH_PATHS = (
					"$(inherited)",
					"@executable_path/Frameworks",
				);
				PRODUCT_BUNDLE_IDENTIFIER = com.example.captureDemo123;
				SDKROOT = iphoneos;
				TARGETED_DEVICE_FAMILY = "1,2";
			};
			name = Debug;
		};
		7F44E3F6FD8D782AF0EA11DF /* Release */ = {
			isa = XCBuildConfiguration;
			buildSettings = {
				ASSETCATALOG_COMPILER_APPICON_NAME = AppIcon;
				CLANG_ENABLE_OBJC_ARC = YES;
				CODE_SIGN_IDENTITY = "iPhone Developer";
				DEVELOPMENT_TEAM = 2867UNTJFF;
				FRAMEWORK_SEARCH_PATHS = (
					"$(inherited)",
					"\".\"",
				);
				INFOPLIST_FILE = CaptureDemo/Info.plist;
				INFOPLIST_KEY_CFBundleDisplayName = "相机采集";
				INFOPLIST_KEY_NSCameraUsageDescription = "采集高质量视频素材用于3D重建";
				INFOPLIST_KEY_NSMicrophoneUsageDescription = "录制环境声音";
				LD_RUNPATH_SEARCH_PATHS = (
					"$(inherited)",
					"@executable_path/Frameworks",
				);
				PRODUCT_BUNDLE_IDENTIFIER = com.example.captureDemo123;
				SDKROOT = iphoneos;
				TARGETED_DEVICE_FAMILY = "1,2";
			};
			name = Release;
		};
		9583563FFD2D19A762F3316E /* Release */ = {
			isa = XCBuildConfiguration;
			buildSettings = {
				ALWAYS_SEARCH_USER_PATHS = NO;
				ASSETCATALOG_COMPILER_APPICON_NAME = AppIcon;
				ASSETCATALOG_COMPILER_GLOBAL_ACCENT_COLOR_NAME = AccentColor;
				CLANG_ANALYZER_NONNULL = YES;
				CLANG_ANALYZER_NUMBER_OBJECT_CONVERSION = YES_AGGRESSIVE;
				CLANG_CXX_LANGUAGE_STANDARD = "gnu++14";
				CLANG_CXX_LIBRARY = "libc++";
				CLANG_ENABLE_MODULES = YES;
				CLANG_ENABLE_OBJC_ARC = YES;
				CLANG_ENABLE_OBJC_WEAK = YES;
				CLANG_WARN_BLOCK_CAPTURE_AUTORELEASING = YES;
				CLANG_WARN_BOOL_CONVERSION = YES;
				CLANG_WARN_COMMA = YES;
				CLANG_WARN_CONSTANT_CONVERSION = YES;
				CLANG_WARN_DEPRECATED_OBJC_IMPLEMENTATIONS = YES;
				CLANG_WARN_DIRECT_OBJC_ISA_USAGE = YES_ERROR;
				CLANG_WARN_DOCUMENTATION_COMMENTS = YES;
				CLANG_WARN_EMPTY_BODY = YES;
				CLANG_WARN_ENUM_CONVERSION = YES;
				CLANG_WARN_INFINITE_RECURSION = YES;
				CLANG_WARN_INT_CONVERSION = YES;
				CLANG_WARN_NON_LITERAL_NULL_CONVERSION = YES;
				CLANG_WARN_OBJC_IMPLICIT_RETAIN_SELF = YES;
				CLANG_WARN_OBJC_LITERAL_CONVERSION = YES;
				CLANG_WARN_OBJC_ROOT_CLASS = YES_ERROR;
				CLANG_WARN_QUOTED_INCLUDE_IN_FRAMEWORK_HEADER = YES;
				CLANG_WARN_RANGE_LOOP_ANALYSIS = YES;
				CLANG_WARN_STRICT_PROTOTYPES = YES;
				CLANG_WARN_SUSPICIOUS_MOVE = YES;
				CLANG_WARN_UNGUARDED_AVAILABILITY = YES_AGGRESSIVE;
				CLANG_WARN_UNREACHABLE_CODE = YES;
				CLANG_WARN__DUPLICATE_METHOD_MATCH = YES;
				COPY_PHASE_STRIP = NO;
				DEBUG_INFORMATION_FORMAT = "dwarf-with-dsym";
				ENABLE_NS_ASSERTIONS = NO;
				ENABLE_STRICT_OBJC_MSGSEND = YES;
				GCC_C_LANGUAGE_STANDARD = gnu11;
				GCC_NO_COMMON_BLOCKS = YES;
				GCC_WARN_64_TO_32_BIT_CONVERSION = YES;
				GCC_WARN_ABOUT_RETURN_TYPE = YES_ERROR;
				GCC_WARN_UNDECLARED_SELECTOR = YES;
				GCC_WARN_UNINITIALIZED_AUTOS = YES_AGGRESSIVE;
				GCC_WARN_UNUSED_FUNCTION = YES;
				GCC_WARN_UNUSED_VARIABLE = YES;
				INFOPLIST_KEY_UILaunchScreen_Generation = YES;
				INFOPLIST_KEY_UIStatusBarStyle = UIStatusBarStyleLightContent;
				INFOPLIST_KEY_UISupportedInterfaceOrientations = UIInterfaceOrientationPortrait;
				IPHONEOS_DEPLOYMENT_TARGET = 16.0;
				MTL_ENABLE_DEBUG_INFO = NO;
				MTL_FAST_MATH = YES;
				PRODUCT_NAME = "$(TARGET_NAME)";
				SDKROOT = iphoneos;
				SWIFT_COMPILATION_MODE = wholemodule;
				SWIFT_OPTIMIZATION_LEVEL = "-O";
				SWIFT_VERSION = 5.0;
				TARGETED_DEVICE_FAMILY = 1;
			};
			name = Release;
		};
		C3E32B2B00823C9FB8A95479 /* Release */ = {
			isa = XCBuildConfiguration;
			buildSettings = {
				BUNDLE_LOADER = "$(TEST_HOST)";
				GENERATE_INFOPLIST_FILE = YES;
				LD_RUNPATH_SEARCH_PATHS = (
					"$(inherited)",
					"@executable_path/Frameworks",
					"@loader_path/Frameworks",
				);
				PRODUCT_BUNDLE_IDENTIFIER = com.example.captureDemoTests;
				SDKROOT = iphoneos;
				TARGETED_DEVICE_FAMILY = "1,2";
				TEST_HOST = "$(BUILT_PRODUCTS_DIR)/CaptureDemo.app/CaptureDemo";
			};
			name = Release;
		};
		DB4BBA992C1B2FA6DA5B6F37 /* Debug */ = {
			isa = XCBuildConfiguration;
			buildSettings = {
				BUNDLE_LOADER = "$(TEST_HOST)";
				GENERATE_INFOPLIST_FILE = YES;
				LD_RUNPATH_SEARCH_PATHS = (
					"$(inherited)",
					"@executable_path/Frameworks",
					"@loader_path/Frameworks",
				);
				PRODUCT_BUNDLE_IDENTIFIER = com.example.captureDemoTests;
				SDKROOT = iphoneos;
				TARGETED_DEVICE_FAMILY = "1,2";
				TEST_HOST = "$(BUILT_PRODUCTS_DIR)/CaptureDemo.app/CaptureDemo";
			};
			name = Debug;
		};
		FFF23AB5573DE1E40B09D4EB /* Debug */ = {
			isa = XCBuildConfiguration;
			buildSettings = {
				ALWAYS_SEARCH_USER_PATHS = NO;
				ASSETCATALOG_COMPILER_APPICON_NAME = AppIcon;
				ASSETCATALOG_COMPILER_GLOBAL_ACCENT_COLOR_NAME = AccentColor;
				CLANG_ANALYZER_NONNULL = YES;
				CLANG_ANALYZER_NUMBER_OBJECT_CONVERSION = YES_AGGRESSIVE;
				CLANG_CXX_LANGUAGE_STANDARD = "gnu++14";
				CLANG_CXX_LIBRARY = "libc++";
				CLANG_ENABLE_MODULES = YES;
				CLANG_ENABLE_OBJC_ARC = YES;
				CLANG_ENABLE_OBJC_WEAK = YES;
				CLANG_WARN_BLOCK_CAPTURE_AUTORELEASING = YES;
				CLANG_WARN_BOOL_CONVERSION = YES;
				CLANG_WARN_COMMA = YES;
				CLANG_WARN_CONSTANT_CONVERSION = YES;
				CLANG_WARN_DEPRECATED_OBJC_IMPLEMENTATIONS = YES;
				CLANG_WARN_DIRECT_OBJC_ISA_USAGE = YES_ERROR;
				CLANG_WARN_DOCUMENTATION_COMMENTS = YES;
				CLANG_WARN_EMPTY_BODY = YES;
				CLANG_WARN_ENUM_CONVERSION = YES;
				CLANG_WARN_INFINITE_RECURSION = YES;
				CLANG_WARN_INT_CONVERSION = YES;
				CLANG_WARN_NON_LITERAL_NULL_CONVERSION = YES;
				CLANG_WARN_OBJC_IMPLICIT_RETAIN_SELF = YES;
				CLANG_WARN_OBJC_LITERAL_CONVERSION = YES;
				CLANG_WARN_OBJC_ROOT_CLASS = YES_ERROR;
				CLANG_WARN_QUOTED_INCLUDE_IN_FRAMEWORK_HEADER = YES;
				CLANG_WARN_RANGE_LOOP_ANALYSIS = YES;
				CLANG_WARN_STRICT_PROTOTYPES = YES;
				CLANG_WARN_SUSPICIOUS_MOVE = YES;
				CLANG_WARN_UNGUARDED_AVAILABILITY = YES_AGGRESSIVE;
				CLANG_WARN_UNREACHABLE_CODE = YES;
				CLANG_WARN__DUPLICATE_METHOD_MATCH = YES;
				COPY_PHASE_STRIP = NO;
				DEBUG_INFORMATION_FORMAT = dwarf;
				ENABLE_STRICT_OBJC_MSGSEND = YES;
				ENABLE_TESTABILITY = YES;
				GCC_C_LANGUAGE_STANDARD = gnu11;
				GCC_DYNAMIC_NO_PIC = NO;
				GCC_NO_COMMON_BLOCKS = YES;
				GCC_OPTIMIZATION_LEVEL = 0;
				GCC_PREPROCESSOR_DEFINITIONS = (
					"$(inherited)",
					"DEBUG=1",
				);
				GCC_WARN_64_TO_32_BIT_CONVERSION = YES;
				GCC_WARN_ABOUT_RETURN_TYPE = YES_ERROR;
				GCC_WARN_UNDECLARED_SELECTOR = YES;
				GCC_WARN_UNINITIALIZED_AUTOS = YES_AGGRESSIVE;
				GCC_WARN_UNUSED_FUNCTION = YES;
				GCC_WARN_UNUSED_VARIABLE = YES;
				INFOPLIST_KEY_UILaunchScreen_Generation = YES;
				INFOPLIST_KEY_UIStatusBarStyle = UIStatusBarStyleLightContent;
				INFOPLIST_KEY_UISupportedInterfaceOrientations = UIInterfaceOrientationPortrait;
				IPHONEOS_DEPLOYMENT_TARGET = 16.0;
				MTL_ENABLE_DEBUG_INFO = INCLUDE_SOURCE;
				MTL_FAST_MATH = YES;
				ONLY_ACTIVE_ARCH = YES;
				PRODUCT_NAME = "$(TARGET_NAME)";
				SDKROOT = iphoneos;
				SWIFT_ACTIVE_COMPILATION_CONDITIONS = DEBUG;
				SWIFT_OPTIMIZATION_LEVEL = "-Onone";
				SWIFT_VERSION = 5.0;
				TARGETED_DEVICE_FAMILY = 1;
			};
			name = Debug;
		};
/* End XCBuildConfiguration section */

/* Begin XCConfigurationList section */
		24A07EF4E25983AA6B16A594 /* Build configuration list for PBXProject "CaptureDemo" */ = {
			isa = XCConfigurationList;
			buildConfigurations = (
				FFF23AB5573DE1E40B09D4EB /* Debug */,
				9583563FFD2D19A762F3316E /* Release */,
			);
			defaultConfigurationIsVisible = 0;
			defaultConfigurationName = Debug;
		};
		2B80C83D952B62131334AEAE /* Build configuration list for PBXNativeTarget "CaptureDemo" */ = {
			isa = XCConfigurationList;
			buildConfigurations = (
				49CCA88B29869B801D99888C /* Debug */,
				7F44E3F6FD8D782AF0EA11DF /* Release */,
			);
			defaultConfigurationIsVisible = 0;
			defaultConfigurationName = Debug;
		};
		30A4979E2BBE21EDE84BC542 /* Build configuration list for PBXNativeTarget "CaptureDemoTests" */ = {
			isa = XCConfigurationList;
			buildConfigurations = (
				DB4BBA992C1B2FA6DA5B6F37 /* Debug */,
				C3E32B2B00823C9FB8A95479 /* Release */,
			);
			defaultConfigurationIsVisible = 0;
			defaultConfigurationName = Debug;
		};
/* End XCConfigurationList section */
	};
	rootObject = 177D0CEB441C87CA54CB0593 /* Project object */;
}
