// !$*UTF8*$!
{
	archiveVersion = 1;
	classes = {
	};
	objectVersion = 77;
	objects = {

/* Begin PBXBuildFile section */
		004CD5C4F67F58C738E19954 /* post-update.sample in Resources */ = {isa = PBXBuildFile; fileRef = D4433D027D3D86F80EBC8F9A /* post-update.sample */; };
		0B0A28BF84D7AA6750A16166 /* pre-merge-commit.sample in Resources */ = {isa = PBXBuildFile; fileRef = F6614D208518F4CE3DE086CC /* pre-merge-commit.sample */; };
		0F3AC4B0EE09F76BDA17BF27 /* CDCameraSettingsViewController.m in Sources */ = {isa = PBXBuildFile; fileRef = 027739E2AB4E9F7CCBAB1A11 /* CDCameraSettingsViewController.m */; };
		100A9927B68549335FA8D744 /* pre-applypatch.sample in Resources */ = {isa = PBXBuildFile; fileRef = 89C6FD375275D182A9957612 /* pre-applypatch.sample */; };
		1865C9BAD28D6E8F13EC0320 /* main.m in Sources */ = {isa = PBXBuildFile; fileRef = 40BC1B8AE0DEA7412230DF03 /* main.m */; };
		1AA1F747692445AD8766A4DE /* Assets.xcassets in Resources */ = {isa = PBXBuildFile; fileRef = BAD992CEECD5ED8FA139ECC1 /* Assets.xcassets */; };
		40CA23FCC157DC1E7A87F33C /* prepare-commit-msg.sample in Resources */ = {isa = PBXBuildFile; fileRef = 86415E0D711240C8E3571211 /* prepare-commit-msg.sample */; };
		4C488C977631EA45A5720BB8 /* pre-push.sample in Resources */ = {isa = PBXBuildFile; fileRef = 278D924E3721CA78C9D95F15 /* pre-push.sample */; };
		500E32645DDDB84E26159D83 /* pre-receive.sample in Resources */ = {isa = PBXBuildFile; fileRef = F6398588AF31F0D69CB557A8 /* pre-receive.sample */; };
		5531B2A5E88A9ADC43D6DFD2 /* CDVideoListViewController.m in Sources */ = {isa = PBXBuildFile; fileRef = 0F25AB1B3B36367E2F42C5DA /* CDVideoListViewController.m */; };
		64604C710A38CC11461FFCD1 /* pre-rebase.sample in Resources */ = {isa = PBXBuildFile; fileRef = 4C42BF6BE701438C272BAC8C /* pre-rebase.sample */; };
		6D89DB0CCCA1B1590FFBA4A2 /* push-to-checkout.sample in Resources */ = {isa = PBXBuildFile; fileRef = 93DB3920E8F47823F658EF75 /* push-to-checkout.sample */; };
		6E67D167F14ECA2BD421F104 /* fsmonitor-watchman.sample in Resources */ = {isa = PBXBuildFile; fileRef = CFFB448CBA2A46EBE0E9CEEF /* fsmonitor-watchman.sample */; };
		7E18049893FBA4C1E098C624 /* README.md in Resources */ = {isa = PBXBuildFile; fileRef = 4A4053101C588B98C213DB2C /* README.md */; };
		86BFC8AA65F2151AC19B4530 /* CDCameraService.m in Sources */ = {isa = PBXBuildFile; fileRef = B7C4D58DC7C1B6EE79399746 /* CDCameraService.m */; };
		91E2E0D25D7A6065DF323278 /* applypatch-msg.sample in Resources */ = {isa = PBXBuildFile; fileRef = 3C0F810B038AB82F5015EC32 /* applypatch-msg.sample */; };
		94E472316AAFA3B994E27654 /* CDCameraViewController.m in Sources */ = {isa = PBXBuildFile; fileRef = 4CF6B69685055E3F20B5AF28 /* CDCameraViewController.m */; };
		9DBF5A13AD5F385CC6AE856A /* AppDelegate.m in Sources */ = {isa = PBXBuildFile; fileRef = 77CD7CCFEA220FCED7278D95 /* AppDelegate.m */; };
		A0C80FEFE09A046D07097C9B /* AVFoundation.framework in Frameworks */ = {isa = PBXBuildFile; fileRef = F5E01EBE98B32559E14C00B8 /* AVFoundation.framework */; };
		A1B1721A90DF5E79B6917772 /* CoreMedia.framework in Frameworks */ = {isa = PBXBuildFile; fileRef = 4BD7C5EB5BF95A993502A248 /* CoreMedia.framework */; };
		AE19BBF66A40E12F30C64E80 /* update.sample in Resources */ = {isa = PBXBuildFile; fileRef = 844AAEEC4814ED0CAAC7A367 /* update.sample */; };
		E8058E94AB05E81A852969B4 /* pre-commit.sample in Resources */ = {isa = PBXBuildFile; fileRef = BA9F17FBEAFDBD0CD5EE91B0 /* pre-commit.sample */; };
		FE0D213E46EEFDD3FCD579BE /* commit-msg.sample in Resources */ = {isa = PBXBuildFile; fileRef = 66CB2617F5B2F8739637C09D /* commit-msg.sample */; };
		FFAC417D360ADF9046FB5049 /* Photos.framework in Frameworks */ = {isa = PBXBuildFile; fileRef = F327FBC7003BF433B0B16D43 /* Photos.framework */; };
/* End PBXBuildFile section */

/* Begin PBXFileReference section */
		0097BBFC7AB027CF2AE21F65 /* main */ = {isa = PBXFileReference; path = main; sourceTree = "<group>"; };
		027739E2AB4E9F7CCBAB1A11 /* CDCameraSettingsViewController.m */ = {isa = PBXFileReference; lastKnownFileType = sourcecode.c.objc; path = CDCameraSettingsViewController.m; sourceTree = "<group>"; };
		0F25AB1B3B36367E2F42C5DA /* CDVideoListViewController.m */ = {isa = PBXFileReference; lastKnownFileType = sourcecode.c.objc; path = CDVideoListViewController.m; sourceTree = "<group>"; };
		20DD519B3C392BC3EDE0FF03 /* Info.plist */ = {isa = PBXFileReference; lastKnownFileType = text.plist; path = Info.plist; sourceTree = "<group>"; };
		2621626A4A901F78BD0429EA /* FETCH_HEAD */ = {isa = PBXFileReference; path = FETCH_HEAD; sourceTree = "<group>"; };
		278D924E3721CA78C9D95F15 /* pre-push.sample */ = {isa = PBXFileReference; path = "pre-push.sample"; sourceTree = "<group>"; };
		2B3B205FFD0F930C54EF70F9 /* def01f3aaa0c7fc86c67009397f9cf99cb7239 */ = {isa = PBXFileReference; path = def01f3aaa0c7fc86c67009397f9cf99cb7239; sourceTree = "<group>"; };
		2F1F2920C1C7D48F41697F83 /* e28c878cd955bd4cbafb11004d0325c70d4517 */ = {isa = PBXFileReference; path = e28c878cd955bd4cbafb11004d0325c70d4517; sourceTree = "<group>"; };
		334F505C489B42420FB89B87 /* 63d2cba43f905d8347333a4b2bbdedb1fd3288 */ = {isa = PBXFileReference; path = 63d2cba43f905d8347333a4b2bbdedb1fd3288; sourceTree = "<group>"; };
		3547329750A0BE023D72BFCA /* HEAD */ = {isa = PBXFileReference; path = HEAD; sourceTree = "<group>"; };
		3C0F810B038AB82F5015EC32 /* applypatch-msg.sample */ = {isa = PBXFileReference; path = "applypatch-msg.sample"; sourceTree = "<group>"; };
		3D1E4A4BE307C871F2371C25 /* d52fe4024cbd06c61f98f4a779a1d68a249b11 */ = {isa = PBXFileReference; path = d52fe4024cbd06c61f98f4a779a1d68a249b11; sourceTree = "<group>"; };
		40BC1B8AE0DEA7412230DF03 /* main.m */ = {isa = PBXFileReference; lastKnownFileType = sourcecode.c.objc; path = main.m; sourceTree = "<group>"; };
		4A4053101C588B98C213DB2C /* README.md */ = {isa = PBXFileReference; lastKnownFileType = net.daringfireball.markdown; path = README.md; sourceTree = "<group>"; };
		4BD7C5EB5BF95A993502A248 /* CoreMedia.framework */ = {isa = PBXFileReference; lastKnownFileType = wrapper.framework; name = CoreMedia.framework; path = System/Library/Frameworks/CoreMedia.framework; sourceTree = SDKROOT; };
		4C42BF6BE701438C272BAC8C /* pre-rebase.sample */ = {isa = PBXFileReference; path = "pre-rebase.sample"; sourceTree = "<group>"; };
		4CF6B69685055E3F20B5AF28 /* CDCameraViewController.m */ = {isa = PBXFileReference; lastKnownFileType = sourcecode.c.objc; path = CDCameraViewController.m; sourceTree = "<group>"; };
		507170C1CE60C8BD8811768B /* ORIG_HEAD */ = {isa = PBXFileReference; path = ORIG_HEAD; sourceTree = "<group>"; };
		563AFC3F1C583B37B779EBC2 /* fef6bcd2d99ef3f8cecf65ed4ab254a3d2fcb6 */ = {isa = PBXFileReference; path = fef6bcd2d99ef3f8cecf65ed4ab254a3d2fcb6; sourceTree = "<group>"; };
		572F34189FEA7F1F008C1A4B /* 613e3ee1a9348462a11a77a619faa808a346eb */ = {isa = PBXFileReference; path = 613e3ee1a9348462a11a77a619faa808a346eb; sourceTree = "<group>"; };
		621D7332F66A2A00E5FEA972 /* b5577ba550fc685c3a76ff6163dc5448ae79bd */ = {isa = PBXFileReference; path = b5577ba550fc685c3a76ff6163dc5448ae79bd; sourceTree = "<group>"; };
		64CDF417508F0373422FF60A /* 49c0ba7f25bf13cf7d78bfa47286d3ec6dcc52 */ = {isa = PBXFileReference; path = 49c0ba7f25bf13cf7d78bfa47286d3ec6dcc52; sourceTree = "<group>"; };
		66CB2617F5B2F8739637C09D /* commit-msg.sample */ = {isa = PBXFileReference; path = "commit-msg.sample"; sourceTree = "<group>"; };
		66FDEE5E336405BD05617C26 /* CDCameraService.h */ = {isa = PBXFileReference; lastKnownFileType = sourcecode.c.h; path = CDCameraService.h; sourceTree = "<group>"; };
		6800F1C32B82E37E816BCF1F /* 23d96337382ea17eeacca2974020d12a40ca9d */ = {isa = PBXFileReference; path = 23d96337382ea17eeacca2974020d12a40ca9d; sourceTree = "<group>"; };
		68DC34E6FE410D2F3644D562 /* fb032c57eb3dad8cf1d9c1e850285d62771d84 */ = {isa = PBXFileReference; path = fb032c57eb3dad8cf1d9c1e850285d62771d84; sourceTree = "<group>"; };
		6916C6C6BBF21AE08E946BA4 /* .gitignore */ = {isa = PBXFileReference; path = .gitignore; sourceTree = "<group>"; };
		6BBEC19BA89F1DF97F448004 /* ced8ae308d44fd6d6bcf284cdbc5a62511ca18 */ = {isa = PBXFileReference; path = ced8ae308d44fd6d6bcf284cdbc5a62511ca18; sourceTree = "<group>"; };
		6CDCD57447AA713C8F6BF9A8 /* CaptureDemo.app */ = {isa = PBXFileReference; includeInIndex = 0; lastKnownFileType = wrapper.application; path = CaptureDemo.app; sourceTree = BUILT_PRODUCTS_DIR; };
		7025CF72D500EEC15AA0B5AB /* CDVideoListViewController.h */ = {isa = PBXFileReference; lastKnownFileType = sourcecode.c.h; path = CDVideoListViewController.h; sourceTree = "<group>"; };
		71C58B2285B8F9A632FE26B1 /* 81fbf0cfd26420a1bff21a131c22d8e55a70bd */ = {isa = PBXFileReference; path = 81fbf0cfd26420a1bff21a131c22d8e55a70bd; sourceTree = "<group>"; };
		74CEB1E2267DA313CEEED68A /* cfea05cac4ce600273180932b60f868562f418 */ = {isa = PBXFileReference; path = cfea05cac4ce600273180932b60f868562f418; sourceTree = "<group>"; };
		77CD7CCFEA220FCED7278D95 /* AppDelegate.m */ = {isa = PBXFileReference; lastKnownFileType = sourcecode.c.objc; path = AppDelegate.m; sourceTree = "<group>"; };
		8326485A701646D8C8A0A2C2 /* c45dec305dfaea1c9b7a41a6ec3a4a5806982f */ = {isa = PBXFileReference; path = c45dec305dfaea1c9b7a41a6ec3a4a5806982f; sourceTree = "<group>"; };
		844AAEEC4814ED0CAAC7A367 /* update.sample */ = {isa = PBXFileReference; path = update.sample; sourceTree = "<group>"; };
		86415E0D711240C8E3571211 /* prepare-commit-msg.sample */ = {isa = PBXFileReference; path = "prepare-commit-msg.sample"; sourceTree = "<group>"; };
		87D1326F3B3BA5D2179B7B39 /* 15c71ef7ebd1c3cef9a64681fd482ad8b23e8a */ = {isa = PBXFileReference; path = 15c71ef7ebd1c3cef9a64681fd482ad8b23e8a; sourceTree = "<group>"; };
		89C6FD375275D182A9957612 /* pre-applypatch.sample */ = {isa = PBXFileReference; path = "pre-applypatch.sample"; sourceTree = "<group>"; };
		8DF51302CC1C39C4DC453CE1 /* description */ = {isa = PBXFileReference; path = description; sourceTree = "<group>"; };
		8FF919EBF4355A29F54C156C /* c5b1b299c13672769b10cee94f002cfd5f5914 */ = {isa = PBXFileReference; path = c5b1b299c13672769b10cee94f002cfd5f5914; sourceTree = "<group>"; };
		93DB3920E8F47823F658EF75 /* push-to-checkout.sample */ = {isa = PBXFileReference; path = "push-to-checkout.sample"; sourceTree = "<group>"; };
		98277CF567FE75513F496352 /* config */ = {isa = PBXFileReference; path = config; sourceTree = "<group>"; };
		9897BE20DFC358BA02C91793 /* 96623b2fad199ae46096245db7926b7bd403f6 */ = {isa = PBXFileReference; path = 96623b2fad199ae46096245db7926b7bd403f6; sourceTree = "<group>"; };
		99870F9CB281B227BE162601 /* d8af20d843661a08ec22c6f6a98cfdb3410c7e */ = {isa = PBXFileReference; path = d8af20d843661a08ec22c6f6a98cfdb3410c7e; sourceTree = "<group>"; };
		9EFFDE28005BEFBCF69771F6 /* COMMIT_EDITMSG */ = {isa = PBXFileReference; path = COMMIT_EDITMSG; sourceTree = "<group>"; };
		A1D5C133AFDE7AD89A36A4FD /* main */ = {isa = PBXFileReference; path = main; sourceTree = "<group>"; };
		A63915EB1606FA0291A879DC /* 31c9476c64e343c726d4bdaaaf3f18e243a169 */ = {isa = PBXFileReference; path = 31c9476c64e343c726d4bdaaaf3f18e243a169; sourceTree = "<group>"; };
		AAFF4A2C8BF1A752E2619FF6 /* dad02f42acac2a6d84ed9eaf21a6d0cbbc6d57 */ = {isa = PBXFileReference; path = dad02f42acac2a6d84ed9eaf21a6d0cbbc6d57; sourceTree = "<group>"; };
		ABB59373688AC8672175BF20 /* index */ = {isa = PBXFileReference; path = index; sourceTree = "<group>"; };
		AD43DB92777BD18D9CA2E58B /* f0fbe44999a0c4a7647e367c8b90f83e41ef68 */ = {isa = PBXFileReference; path = f0fbe44999a0c4a7647e367c8b90f83e41ef68; sourceTree = "<group>"; };
		B7C4D58DC7C1B6EE79399746 /* CDCameraService.m */ = {isa = PBXFileReference; lastKnownFileType = sourcecode.c.objc; path = CDCameraService.m; sourceTree = "<group>"; };
		BA9F17FBEAFDBD0CD5EE91B0 /* pre-commit.sample */ = {isa = PBXFileReference; path = "pre-commit.sample"; sourceTree = "<group>"; };
		BAD992CEECD5ED8FA139ECC1 /* Assets.xcassets */ = {isa = PBXFileReference; lastKnownFileType = folder.assetcatalog; path = Assets.xcassets; sourceTree = "<group>"; };
		C378955EFBC1C9247CD851C7 /* exclude */ = {isa = PBXFileReference; path = exclude; sourceTree = "<group>"; };
		C703A95EA1F6AAA6AC226286 /* fea74adefb8c3bcffe623db2ac065922c7c34f */ = {isa = PBXFileReference; path = fea74adefb8c3bcffe623db2ac065922c7c34f; sourceTree = "<group>"; };
		CBEE4F88A15C2D8B3D8DC390 /* CDCameraSettingsViewController.h */ = {isa = PBXFileReference; lastKnownFileType = sourcecode.c.h; path = CDCameraSettingsViewController.h; sourceTree = "<group>"; };
		CC711E2A29946317CB9D11DB /* main */ = {isa = PBXFileReference; path = main; sourceTree = "<group>"; };
		CFFB448CBA2A46EBE0E9CEEF /* fsmonitor-watchman.sample */ = {isa = PBXFileReference; path = "fsmonitor-watchman.sample"; sourceTree = "<group>"; };
		D34E92FA8BCCCB2C0A09FCBF /* 570fb729d8f9ef5f5f26a53320530f32551dc5 */ = {isa = PBXFileReference; path = 570fb729d8f9ef5f5f26a53320530f32551dc5; sourceTree = "<group>"; };
		D36B2FD162CFE3E053D55334 /* sourcetreeconfig */ = {isa = PBXFileReference; path = sourcetreeconfig; sourceTree = "<group>"; };
		D4433D027D3D86F80EBC8F9A /* post-update.sample */ = {isa = PBXFileReference; path = "post-update.sample"; sourceTree = "<group>"; };
		DA085AB1D204796D8F62A0A2 /* 16a4979d50d70dfbbd5279cfc35c99d1c60149 */ = {isa = PBXFileReference; path = 16a4979d50d70dfbbd5279cfc35c99d1c60149; sourceTree = "<group>"; };
		DA16D874E6711F4BC396283F /* HEAD */ = {isa = PBXFileReference; path = HEAD; sourceTree = "<group>"; };
		DB071C91EA390FCDAB7A030F /* 11cdb18f7f5683729e2422f1aebfc9cfafade8 */ = {isa = PBXFileReference; path = 11cdb18f7f5683729e2422f1aebfc9cfafade8; sourceTree = "<group>"; };
		DF2279F5EB222282B9C6A6C9 /* 861a251e04e526cf4c261d93e8d337dc1bf98a */ = {isa = PBXFileReference; path = 861a251e04e526cf4c261d93e8d337dc1bf98a; sourceTree = "<group>"; };
		DFEADF373220861BD6C8CF32 /* CDCameraViewController.h */ = {isa = PBXFileReference; lastKnownFileType = sourcecode.c.h; path = CDCameraViewController.h; sourceTree = "<group>"; };
		E02667BEFBB4E74790057D9E /* c01b4fbbba41bcaae1bf1157967b358a0a19d1 */ = {isa = PBXFileReference; path = c01b4fbbba41bcaae1bf1157967b358a0a19d1; sourceTree = "<group>"; };
		EB2C8427DCA17E6E98980636 /* main */ = {isa = PBXFileReference; path = main; sourceTree = "<group>"; };
		EFD58D6A791F29497A364958 /* cc354e50f418827f58f002bb43a79faf0704b4 */ = {isa = PBXFileReference; path = cc354e50f418827f58f002bb43a79faf0704b4; sourceTree = "<group>"; };
		F327FBC7003BF433B0B16D43 /* Photos.framework */ = {isa = PBXFileReference; lastKnownFileType = wrapper.framework; path = Photos.framework; sourceTree = "<group>"; };
		F57A23658EDA20131C3B6CFA /* AppDelegate.h */ = {isa = PBXFileReference; lastKnownFileType = sourcecode.c.h; path = AppDelegate.h; sourceTree = "<group>"; };
		F5E01EBE98B32559E14C00B8 /* AVFoundation.framework */ = {isa = PBXFileReference; lastKnownFileType = wrapper.framework; path = AVFoundation.framework; sourceTree = "<group>"; };
		F6398588AF31F0D69CB557A8 /* pre-receive.sample */ = {isa = PBXFileReference; path = "pre-receive.sample"; sourceTree = "<group>"; };
		F6614D208518F4CE3DE086CC /* pre-merge-commit.sample */ = {isa = PBXFileReference; path = "pre-merge-commit.sample"; sourceTree = "<group>"; };
		F8063A12DCA20AED01B15365 /* c00596a7fca3f3d4bdd64053b69d86745f9e10 */ = {isa = PBXFileReference; path = c00596a7fca3f3d4bdd64053b69d86745f9e10; sourceTree = "<group>"; };
		FAB17CAD588572B7D89660EE /* 9f16bc37291ed6479fb7bce2d3ed3bcf98e23a */ = {isa = PBXFileReference; path = 9f16bc37291ed6479fb7bce2d3ed3bcf98e23a; sourceTree = "<group>"; };
/* End PBXFileReference section */

/* Begin PBXFrameworksBuildPhase section */
		9917ABAF24FFBF4D13B7F9FC /* Frameworks */ = {
			isa = PBXFrameworksBuildPhase;
			buildActionMask = 2147483647;
			files = (
				A0C80FEFE09A046D07097C9B /* AVFoundation.framework in Frameworks */,
				FFAC417D360ADF9046FB5049 /* Photos.framework in Frameworks */,
				A1B1721A90DF5E79B6917772 /* CoreMedia.framework in Frameworks */,
			);
			runOnlyForDeploymentPostprocessing = 0;
		};
/* End PBXFrameworksBuildPhase section */

/* Begin PBXGroup section */
		0043BBAC7F99372F2DACB4DD /* 69 */ = {
			isa = PBXGroup;
			children = (
				6BBEC19BA89F1DF97F448004 /* ced8ae308d44fd6d6bcf284cdbc5a62511ca18 */,
			);
			path = 69;
			sourceTree = "<group>";
		};
		01447D076C0D6EA2A47C1647 /* 9e */ = {
			isa = PBXGroup;
			children = (
				DF2279F5EB222282B9C6A6C9 /* 861a251e04e526cf4c261d93e8d337dc1bf98a */,
			);
			path = 9e;
			sourceTree = "<group>";
		};
		056D7262E8E25EB9A9C4EB39 /* cd */ = {
			isa = PBXGroup;
			children = (
				AD43DB92777BD18D9CA2E58B /* f0fbe44999a0c4a7647e367c8b90f83e41ef68 */,
			);
			path = cd;
			sourceTree = "<group>";
		};
		071280DF834EB5EDC8B9C9CD /* cc */ = {
			isa = PBXGroup;
			children = (
				2B3B205FFD0F930C54EF70F9 /* def01f3aaa0c7fc86c67009397f9cf99cb7239 */,
			);
			path = cc;
			sourceTree = "<group>";
		};
		0A27D54CE0D1B32F36FF651E /* 1b */ = {
			isa = PBXGroup;
			children = (
				74CEB1E2267DA313CEEED68A /* cfea05cac4ce600273180932b60f868562f418 */,
			);
			path = 1b;
			sourceTree = "<group>";
		};
		0BDAD89B4512E3F2405B5600 /* hooks */ = {
			isa = PBXGroup;
			children = (
				3C0F810B038AB82F5015EC32 /* applypatch-msg.sample */,
				66CB2617F5B2F8739637C09D /* commit-msg.sample */,
				CFFB448CBA2A46EBE0E9CEEF /* fsmonitor-watchman.sample */,
				D4433D027D3D86F80EBC8F9A /* post-update.sample */,
				89C6FD375275D182A9957612 /* pre-applypatch.sample */,
				BA9F17FBEAFDBD0CD5EE91B0 /* pre-commit.sample */,
				F6614D208518F4CE3DE086CC /* pre-merge-commit.sample */,
				278D924E3721CA78C9D95F15 /* pre-push.sample */,
				4C42BF6BE701438C272BAC8C /* pre-rebase.sample */,
				F6398588AF31F0D69CB557A8 /* pre-receive.sample */,
				86415E0D711240C8E3571211 /* prepare-commit-msg.sample */,
				93DB3920E8F47823F658EF75 /* push-to-checkout.sample */,
				844AAEEC4814ED0CAAC7A367 /* update.sample */,
			);
			path = hooks;
			sourceTree = "<group>";
		};
		1226101EC9E92978AC72DDEF /* db */ = {
			isa = PBXGroup;
			children = (
				DA085AB1D204796D8F62A0A2 /* 16a4979d50d70dfbbd5279cfc35c99d1c60149 */,
			);
			path = db;
			sourceTree = "<group>";
		};
		193A5F39F20AE3B161A6787B /* Services */ = {
			isa = PBXGroup;
			children = (
				66FDEE5E336405BD05617C26 /* CDCameraService.h */,
				B7C4D58DC7C1B6EE79399746 /* CDCameraService.m */,
			);
			path = Services;
			sourceTree = "<group>";
		};
		1D83D7F0E642B9D5846EB805 /* ViewControllers */ = {
			isa = PBXGroup;
			children = (
				CBEE4F88A15C2D8B3D8DC390 /* CDCameraSettingsViewController.h */,
				027739E2AB4E9F7CCBAB1A11 /* CDCameraSettingsViewController.m */,
				DFEADF373220861BD6C8CF32 /* CDCameraViewController.h */,
				4CF6B69685055E3F20B5AF28 /* CDCameraViewController.m */,
				7025CF72D500EEC15AA0B5AB /* CDVideoListViewController.h */,
				0F25AB1B3B36367E2F42C5DA /* CDVideoListViewController.m */,
			);
			path = ViewControllers;
			sourceTree = "<group>";
		};
		20E033453B09161F24911252 /* 28 */ = {
			isa = PBXGroup;
			children = (
				2F1F2920C1C7D48F41697F83 /* e28c878cd955bd4cbafb11004d0325c70d4517 */,
			);
			path = 28;
			sourceTree = "<group>";
		};
		21D6776C456116CF6821A969 /* 7b */ = {
			isa = PBXGroup;
			children = (
				C703A95EA1F6AAA6AC226286 /* fea74adefb8c3bcffe623db2ac065922c7c34f */,
			);
			path = 7b;
			sourceTree = "<group>";
		};
		222EA12A799660554C1E010B /* ea */ = {
			isa = PBXGroup;
			children = (
				EFD58D6A791F29497A364958 /* cc354e50f418827f58f002bb43a79faf0704b4 */,
			);
			path = ea;
			sourceTree = "<group>";
		};
		25A3C223E4C30DEE4CDAFCA4 /* remotes */ = {
			isa = PBXGroup;
			children = (
				721884A9EE0D329485DB871C /* origin */,
			);
			path = remotes;
			sourceTree = "<group>";
		};
		35809F204FE39BA21830AFC7 /* origin */ = {
			isa = PBXGroup;
			children = (
				0097BBFC7AB027CF2AE21F65 /* main */,
			);
			path = origin;
			sourceTree = "<group>";
		};
		36D80FE6863C14A3BBB8621C /* c5 */ = {
			isa = PBXGroup;
			children = (
				99870F9CB281B227BE162601 /* d8af20d843661a08ec22c6f6a98cfdb3410c7e */,
			);
			path = c5;
			sourceTree = "<group>";
		};
		38615254C6C1968A81393ADF /* 37 */ = {
			isa = PBXGroup;
			children = (
				563AFC3F1C583B37B779EBC2 /* fef6bcd2d99ef3f8cecf65ed4ab254a3d2fcb6 */,
			);
			path = 37;
			sourceTree = "<group>";
		};
		392A30772B98819E0BF152B2 /* Frameworks */ = {
			isa = PBXGroup;
			children = (
				F5E01EBE98B32559E14C00B8 /* AVFoundation.framework */,
				4BD7C5EB5BF95A993502A248 /* CoreMedia.framework */,
				F327FBC7003BF433B0B16D43 /* Photos.framework */,
			);
			name = Frameworks;
			sourceTree = "<group>";
		};
		3BBE83BA81724755935DE54A /* refs */ = {
			isa = PBXGroup;
			children = (
				46E525D04562644C4A75863A /* heads */,
				CBE9AAA0AB1B5E87FABB778F /* remotes */,
				F53F390086D27562BA1C123A /* tags */,
			);
			path = refs;
			sourceTree = "<group>";
		};
		46E525D04562644C4A75863A /* heads */ = {
			isa = PBXGroup;
			children = (
				EB2C8427DCA17E6E98980636 /* main */,
			);
			path = heads;
			sourceTree = "<group>";
		};
		4DA939C7ABBFF42585808B4D /* d0 */ = {
			isa = PBXGroup;
			children = (
				8FF919EBF4355A29F54C156C /* c5b1b299c13672769b10cee94f002cfd5f5914 */,
			);
			path = d0;
			sourceTree = "<group>";
		};
		4DF5863326A8D60DD371DDD1 /* 93 */ = {
			isa = PBXGroup;
			children = (
				9897BE20DFC358BA02C91793 /* 96623b2fad199ae46096245db7926b7bd403f6 */,
			);
			path = 93;
			sourceTree = "<group>";
		};
		5BA5CC85B2C519613C04145A /* logs */ = {
			isa = PBXGroup;
			children = (
				3547329750A0BE023D72BFCA /* HEAD */,
				C306E80709A26FAD7A795D95 /* refs */,
			);
			path = logs;
			sourceTree = "<group>";
		};
		5C4C938D52477833B0C0D276 /* info */ = {
			isa = PBXGroup;
			children = (
			);
			path = info;
			sourceTree = "<group>";
		};
		695C709C681564A98D9B9148 /* .git */ = {
			isa = PBXGroup;
			children = (
				9EFFDE28005BEFBCF69771F6 /* COMMIT_EDITMSG */,
				98277CF567FE75513F496352 /* config */,
				8DF51302CC1C39C4DC453CE1 /* description */,
				2621626A4A901F78BD0429EA /* FETCH_HEAD */,
				DA16D874E6711F4BC396283F /* HEAD */,
				ABB59373688AC8672175BF20 /* index */,
				507170C1CE60C8BD8811768B /* ORIG_HEAD */,
				D36B2FD162CFE3E053D55334 /* sourcetreeconfig */,
				0BDAD89B4512E3F2405B5600 /* hooks */,
				AAC1321501DEA56FF8D65F19 /* info */,
				5BA5CC85B2C519613C04145A /* logs */,
				F7715656B8CE2A72E2F1F086 /* objects */,
				3BBE83BA81724755935DE54A /* refs */,
			);
			path = .git;
			sourceTree = "<group>";
		};
		6CB27C054D1AE8581D63BE2A /* 36 */ = {
			isa = PBXGroup;
			children = (
				A63915EB1606FA0291A879DC /* 31c9476c64e343c726d4bdaaaf3f18e243a169 */,
			);
			path = 36;
			sourceTree = "<group>";
		};
		6EBD56F943CC433678B7B97F /* 32 */ = {
			isa = PBXGroup;
			children = (
				FAB17CAD588572B7D89660EE /* 9f16bc37291ed6479fb7bce2d3ed3bcf98e23a */,
			);
			path = 32;
			sourceTree = "<group>";
		};
		721884A9EE0D329485DB871C /* origin */ = {
			isa = PBXGroup;
			children = (
				A1D5C133AFDE7AD89A36A4FD /* main */,
			);
			path = origin;
			sourceTree = "<group>";
		};
		746631D067845CEF9B39EF89 /* 76 */ = {
			isa = PBXGroup;
			children = (
				334F505C489B42420FB89B87 /* 63d2cba43f905d8347333a4b2bbdedb1fd3288 */,
			);
			path = 76;
			sourceTree = "<group>";
		};
		763E6181A4E61FF6999559FC /* 13 */ = {
			isa = PBXGroup;
			children = (
				572F34189FEA7F1F008C1A4B /* 613e3ee1a9348462a11a77a619faa808a346eb */,
			);
			path = 13;
			sourceTree = "<group>";
		};
		764EF4E861CB4200BE0157F7 /* 2e */ = {
			isa = PBXGroup;
			children = (
				6800F1C32B82E37E816BCF1F /* 23d96337382ea17eeacca2974020d12a40ca9d */,
			);
			path = 2e;
			sourceTree = "<group>";
		};
		77D80239B82413D6B81DAEC4 = {
			isa = PBXGroup;
			children = (
				695C709C681564A98D9B9148 /* .git */,
				BBF11E7175119BE63F0CDEE6 /* App */,
				FF831BC9F7883F5EAF5A32AC /* CaptureDemo */,
				78DBF552B0CA38EAA51D630E /* CaptureDemo */,
				A6C1A9851FFAFA5951EC3BFA /* Resources */,
				193A5F39F20AE3B161A6787B /* Services */,
				1D83D7F0E642B9D5846EB805 /* ViewControllers */,
				392A30772B98819E0BF152B2 /* Frameworks */,
				DE765E517D2253A84D21EFF1 /* Products */,
			);
			sourceTree = "<group>";
		};
		78ABECE9173FEA1A66A3D3E2 /* 12 */ = {
			isa = PBXGroup;
			children = (
				64CDF417508F0373422FF60A /* 49c0ba7f25bf13cf7d78bfa47286d3ec6dcc52 */,
			);
			path = 12;
			sourceTree = "<group>";
		};
		78DBF552B0CA38EAA51D630E /* CaptureDemo */ = {
			isa = PBXGroup;
			children = (
				6916C6C6BBF21AE08E946BA4 /* .gitignore */,
				4A4053101C588B98C213DB2C /* README.md */,
				695C709C681564A98D9B9148 /* .git */,
				BBF11E7175119BE63F0CDEE6 /* App */,
				FF831BC9F7883F5EAF5A32AC /* CaptureDemo */,
				A6C1A9851FFAFA5951EC3BFA /* Resources */,
				193A5F39F20AE3B161A6787B /* Services */,
				1D83D7F0E642B9D5846EB805 /* ViewControllers */,
			);
			name = CaptureDemo;
			path = .;
			sourceTree = "<group>";
		};
		849A4FD8EB923F18E14B5D75 /* pack */ = {
			isa = PBXGroup;
			children = (
			);
			path = pack;
			sourceTree = "<group>";
		};
		A6C1A9851FFAFA5951EC3BFA /* Resources */ = {
			isa = PBXGroup;
			children = (
				BAD992CEECD5ED8FA139ECC1 /* Assets.xcassets */,
			);
			path = Resources;
			sourceTree = "<group>";
		};
		A854AACBD9EFD03F7953B97E /* eb */ = {
			isa = PBXGroup;
			children = (
				68DC34E6FE410D2F3644D562 /* fb032c57eb3dad8cf1d9c1e850285d62771d84 */,
			);
			path = eb;
			sourceTree = "<group>";
		};
		A8BBC4D7E4283C572A28E16C /* a2 */ = {
			isa = PBXGroup;
			children = (
				AAFF4A2C8BF1A752E2619FF6 /* dad02f42acac2a6d84ed9eaf21a6d0cbbc6d57 */,
			);
			path = a2;
			sourceTree = "<group>";
		};
		AAC1321501DEA56FF8D65F19 /* info */ = {
			isa = PBXGroup;
			children = (
				C378955EFBC1C9247CD851C7 /* exclude */,
			);
			path = info;
			sourceTree = "<group>";
		};
		AE2BD70B29FB95AF8A930D65 /* e9 */ = {
			isa = PBXGroup;
			children = (
				87D1326F3B3BA5D2179B7B39 /* 15c71ef7ebd1c3cef9a64681fd482ad8b23e8a */,
			);
			path = e9;
			sourceTree = "<group>";
		};
		BBEBD3774020835554D5BEDD /* heads */ = {
			isa = PBXGroup;
			children = (
				CC711E2A29946317CB9D11DB /* main */,
			);
			path = heads;
			sourceTree = "<group>";
		};
		BBF11E7175119BE63F0CDEE6 /* App */ = {
			isa = PBXGroup;
			children = (
				F57A23658EDA20131C3B6CFA /* AppDelegate.h */,
				77CD7CCFEA220FCED7278D95 /* AppDelegate.m */,
				40BC1B8AE0DEA7412230DF03 /* main.m */,
			);
			path = App;
			sourceTree = "<group>";
		};
		C30524AE0B1DDB1B0FD9ACC9 /* 77 */ = {
			isa = PBXGroup;
			children = (
				3D1E4A4BE307C871F2371C25 /* d52fe4024cbd06c61f98f4a779a1d68a249b11 */,
			);
			path = 77;
			sourceTree = "<group>";
		};
		C306E80709A26FAD7A795D95 /* refs */ = {
			isa = PBXGroup;
			children = (
				BBEBD3774020835554D5BEDD /* heads */,
				25A3C223E4C30DEE4CDAFCA4 /* remotes */,
			);
			path = refs;
			sourceTree = "<group>";
		};
		CBE9AAA0AB1B5E87FABB778F /* remotes */ = {
			isa = PBXGroup;
			children = (
				35809F204FE39BA21830AFC7 /* origin */,
			);
			path = remotes;
			sourceTree = "<group>";
		};
		D5D1B36EB77A926B02431D2B /* 5f */ = {
			isa = PBXGroup;
			children = (
				E02667BEFBB4E74790057D9E /* c01b4fbbba41bcaae1bf1157967b358a0a19d1 */,
				8326485A701646D8C8A0A2C2 /* c45dec305dfaea1c9b7a41a6ec3a4a5806982f */,
			);
			path = 5f;
			sourceTree = "<group>";
		};
		DE765E517D2253A84D21EFF1 /* Products */ = {
			isa = PBXGroup;
			children = (
				6CDCD57447AA713C8F6BF9A8 /* CaptureDemo.app */,
			);
			name = Products;
			sourceTree = "<group>";
		};
		DFE0218DCE6B1904192984D4 /* ef */ = {
			isa = PBXGroup;
			children = (
				71C58B2285B8F9A632FE26B1 /* 81fbf0cfd26420a1bff21a131c22d8e55a70bd */,
			);
			path = ef;
			sourceTree = "<group>";
		};
		F15644234F70F4F0BE5DA4BC /* 0a */ = {
			isa = PBXGroup;
			children = (
				621D7332F66A2A00E5FEA972 /* b5577ba550fc685c3a76ff6163dc5448ae79bd */,
			);
			path = 0a;
			sourceTree = "<group>";
		};
		F53F390086D27562BA1C123A /* tags */ = {
			isa = PBXGroup;
			children = (
			);
			path = tags;
			sourceTree = "<group>";
		};
		F5E40E57CA644685F362D588 /* bb */ = {
			isa = PBXGroup;
			children = (
				DB071C91EA390FCDAB7A030F /* 11cdb18f7f5683729e2422f1aebfc9cfafade8 */,
			);
			path = bb;
			sourceTree = "<group>";
		};
		F7715656B8CE2A72E2F1F086 /* objects */ = {
			isa = PBXGroup;
			children = (
				F15644234F70F4F0BE5DA4BC /* 0a */,
				0A27D54CE0D1B32F36FF651E /* 1b */,
				764EF4E861CB4200BE0157F7 /* 2e */,
				D5D1B36EB77A926B02431D2B /* 5f */,
				21D6776C456116CF6821A969 /* 7b */,
				01447D076C0D6EA2A47C1647 /* 9e */,
				78ABECE9173FEA1A66A3D3E2 /* 12 */,
				763E6181A4E61FF6999559FC /* 13 */,
				20E033453B09161F24911252 /* 28 */,
				6EBD56F943CC433678B7B97F /* 32 */,
				6CB27C054D1AE8581D63BE2A /* 36 */,
				38615254C6C1968A81393ADF /* 37 */,
				0043BBAC7F99372F2DACB4DD /* 69 */,
				FCA342B5DBC6A671AFBD6EF6 /* 73 */,
				746631D067845CEF9B39EF89 /* 76 */,
				C30524AE0B1DDB1B0FD9ACC9 /* 77 */,
				4DF5863326A8D60DD371DDD1 /* 93 */,
				A8BBC4D7E4283C572A28E16C /* a2 */,
				F5E40E57CA644685F362D588 /* bb */,
				36D80FE6863C14A3BBB8621C /* c5 */,
				071280DF834EB5EDC8B9C9CD /* cc */,
				056D7262E8E25EB9A9C4EB39 /* cd */,
				4DA939C7ABBFF42585808B4D /* d0 */,
				1226101EC9E92978AC72DDEF /* db */,
				AE2BD70B29FB95AF8A930D65 /* e9 */,
				222EA12A799660554C1E010B /* ea */,
				A854AACBD9EFD03F7953B97E /* eb */,
				DFE0218DCE6B1904192984D4 /* ef */,
				5C4C938D52477833B0C0D276 /* info */,
				849A4FD8EB923F18E14B5D75 /* pack */,
			);
			path = objects;
			sourceTree = "<group>";
		};
		FCA342B5DBC6A671AFBD6EF6 /* 73 */ = {
			isa = PBXGroup;
			children = (
				D34E92FA8BCCCB2C0A09FCBF /* 570fb729d8f9ef5f5f26a53320530f32551dc5 */,
				F8063A12DCA20AED01B15365 /* c00596a7fca3f3d4bdd64053b69d86745f9e10 */,
			);
			path = 73;
			sourceTree = "<group>";
		};
		FF831BC9F7883F5EAF5A32AC /* CaptureDemo */ = {
			isa = PBXGroup;
			children = (
				20DD519B3C392BC3EDE0FF03 /* Info.plist */,
			);
			path = CaptureDemo;
			sourceTree = "<group>";
		};
/* End PBXGroup section */

/* Begin PBXNativeTarget section */
		7138C473A2A5AAB11DCD1A99 /* CaptureDemo */ = {
			isa = PBXNativeTarget;
			buildConfigurationList = 2B80C83D952B62131334AEAE /* Build configuration list for PBXNativeTarget "CaptureDemo" */;
			buildPhases = (
				C147ACE8FC8449A7F2492041 /* Sources */,
				00976405CE18DC951D1D3AA9 /* Resources */,
				9917ABAF24FFBF4D13B7F9FC /* Frameworks */,
			);
			buildRules = (
			);
			dependencies = (
			);
			name = CaptureDemo;
			packageProductDependencies = (
			);
			productName = CaptureDemo;
			productReference = 6CDCD57447AA713C8F6BF9A8 /* CaptureDemo.app */;
			productType = "com.apple.product-type.application";
		};
/* End PBXNativeTarget section */

/* Begin PBXProject section */
		177D0CEB441C87CA54CB0593 /* Project object */ = {
			isa = PBXProject;
			attributes = {
				BuildIndependentTargetsInParallel = YES;
				LastUpgradeCheck = 1500;
				TargetAttributes = {
				};
			};
			buildConfigurationList = 24A07EF4E25983AA6B16A594 /* Build configuration list for PBXProject "CaptureDemo" */;
			developmentRegion = en;
			hasScannedForEncodings = 0;
			knownRegions = (
				Base,
				en,
			);
			mainGroup = 77D80239B82413D6B81DAEC4;
			minimizedProjectReferenceProxies = 1;
			preferredProjectObjectVersion = 77;
			productRefGroup = DE765E517D2253A84D21EFF1 /* Products */;
			projectDirPath = "";
			projectRoot = "";
			targets = (
				7138C473A2A5AAB11DCD1A99 /* CaptureDemo */,
			);
		};
/* End PBXProject section */

/* Begin PBXResourcesBuildPhase section */
		00976405CE18DC951D1D3AA9 /* Resources */ = {
			isa = PBXResourcesBuildPhase;
			buildActionMask = 2147483647;
			files = (
				1AA1F747692445AD8766A4DE /* Assets.xcassets in Resources */,
				7E18049893FBA4C1E098C624 /* README.md in Resources */,
				91E2E0D25D7A6065DF323278 /* applypatch-msg.sample in Resources */,
				FE0D213E46EEFDD3FCD579BE /* commit-msg.sample in Resources */,
				6E67D167F14ECA2BD421F104 /* fsmonitor-watchman.sample in Resources */,
				004CD5C4F67F58C738E19954 /* post-update.sample in Resources */,
				100A9927B68549335FA8D744 /* pre-applypatch.sample in Resources */,
				E8058E94AB05E81A852969B4 /* pre-commit.sample in Resources */,
				0B0A28BF84D7AA6750A16166 /* pre-merge-commit.sample in Resources */,
				4C488C977631EA45A5720BB8 /* pre-push.sample in Resources */,
				64604C710A38CC11461FFCD1 /* pre-rebase.sample in Resources */,
				500E32645DDDB84E26159D83 /* pre-receive.sample in Resources */,
				40CA23FCC157DC1E7A87F33C /* prepare-commit-msg.sample in Resources */,
				6D89DB0CCCA1B1590FFBA4A2 /* push-to-checkout.sample in Resources */,
				AE19BBF66A40E12F30C64E80 /* update.sample in Resources */,
			);
			runOnlyForDeploymentPostprocessing = 0;
		};
/* End PBXResourcesBuildPhase section */

/* Begin PBXSourcesBuildPhase section */
		C147ACE8FC8449A7F2492041 /* Sources */ = {
			isa = PBXSourcesBuildPhase;
			buildActionMask = 2147483647;
			files = (
				9DBF5A13AD5F385CC6AE856A /* AppDelegate.m in Sources */,
				86BFC8AA65F2151AC19B4530 /* CDCameraService.m in Sources */,
				0F3AC4B0EE09F76BDA17BF27 /* CDCameraSettingsViewController.m in Sources */,
				94E472316AAFA3B994E27654 /* CDCameraViewController.m in Sources */,
				5531B2A5E88A9ADC43D6DFD2 /* CDVideoListViewController.m in Sources */,
				1865C9BAD28D6E8F13EC0320 /* main.m in Sources */,
			);
			runOnlyForDeploymentPostprocessing = 0;
		};
/* End PBXSourcesBuildPhase section */

/* Begin XCBuildConfiguration section */
		49CCA88B29869B801D99888C /* Debug */ = {
			isa = XCBuildConfiguration;
			buildSettings = {
				ASSETCATALOG_COMPILER_APPICON_NAME = AppIcon;
				CLANG_ENABLE_OBJC_ARC = YES;
				CODE_SIGN_IDENTITY = "iPhone Developer";
				FRAMEWORK_SEARCH_PATHS = (
					"$(inherited)",
					"\".\"",
				);
				INFOPLIST_FILE = CaptureDemo/Info.plist;
				INFOPLIST_KEY_CFBundleDisplayName = "相机采集";
				INFOPLIST_KEY_NSCameraUsageDescription = "采集高质量视频素材用于3D重建";
				INFOPLIST_KEY_NSMicrophoneUsageDescription = "录制环境声音";
				LD_RUNPATH_SEARCH_PATHS = (
					"$(inherited)",
					"@executable_path/Frameworks",
				);
				PRODUCT_BUNDLE_IDENTIFIER = com.example.captureDemo;
				SDKROOT = iphoneos;
				TARGETED_DEVICE_FAMILY = "1,2";
			};
			name = Debug;
		};
		7F44E3F6FD8D782AF0EA11DF /* Release */ = {
			isa = XCBuildConfiguration;
			buildSettings = {
				ASSETCATALOG_COMPILER_APPICON_NAME = AppIcon;
				CLANG_ENABLE_OBJC_ARC = YES;
				CODE_SIGN_IDENTITY = "iPhone Developer";
				FRAMEWORK_SEARCH_PATHS = (
					"$(inherited)",
					"\".\"",
				);
				INFOPLIST_FILE = CaptureDemo/Info.plist;
				INFOPLIST_KEY_CFBundleDisplayName = "相机采集";
				INFOPLIST_KEY_NSCameraUsageDescription = "采集高质量视频素材用于3D重建";
				INFOPLIST_KEY_NSMicrophoneUsageDescription = "录制环境声音";
				LD_RUNPATH_SEARCH_PATHS = (
					"$(inherited)",
					"@executable_path/Frameworks",
				);
				PRODUCT_BUNDLE_IDENTIFIER = com.example.captureDemo;
				SDKROOT = iphoneos;
				TARGETED_DEVICE_FAMILY = "1,2";
			};
			name = Release;
		};
		9583563FFD2D19A762F3316E /* Release */ = {
			isa = XCBuildConfiguration;
			buildSettings = {
				ALWAYS_SEARCH_USER_PATHS = NO;
				ASSETCATALOG_COMPILER_APPICON_NAME = AppIcon;
				ASSETCATALOG_COMPILER_GLOBAL_ACCENT_COLOR_NAME = AccentColor;
				CLANG_ANALYZER_NONNULL = YES;
				CLANG_ANALYZER_NUMBER_OBJECT_CONVERSION = YES_AGGRESSIVE;
				CLANG_CXX_LANGUAGE_STANDARD = "gnu++14";
				CLANG_CXX_LIBRARY = "libc++";
				CLANG_ENABLE_MODULES = YES;
				CLANG_ENABLE_OBJC_ARC = YES;
				CLANG_ENABLE_OBJC_WEAK = YES;
				CLANG_WARN_BLOCK_CAPTURE_AUTORELEASING = YES;
				CLANG_WARN_BOOL_CONVERSION = YES;
				CLANG_WARN_COMMA = YES;
				CLANG_WARN_CONSTANT_CONVERSION = YES;
				CLANG_WARN_DEPRECATED_OBJC_IMPLEMENTATIONS = YES;
				CLANG_WARN_DIRECT_OBJC_ISA_USAGE = YES_ERROR;
				CLANG_WARN_DOCUMENTATION_COMMENTS = YES;
				CLANG_WARN_EMPTY_BODY = YES;
				CLANG_WARN_ENUM_CONVERSION = YES;
				CLANG_WARN_INFINITE_RECURSION = YES;
				CLANG_WARN_INT_CONVERSION = YES;
				CLANG_WARN_NON_LITERAL_NULL_CONVERSION = YES;
				CLANG_WARN_OBJC_IMPLICIT_RETAIN_SELF = YES;
				CLANG_WARN_OBJC_LITERAL_CONVERSION = YES;
				CLANG_WARN_OBJC_ROOT_CLASS = YES_ERROR;
				CLANG_WARN_QUOTED_INCLUDE_IN_FRAMEWORK_HEADER = YES;
				CLANG_WARN_RANGE_LOOP_ANALYSIS = YES;
				CLANG_WARN_STRICT_PROTOTYPES = YES;
				CLANG_WARN_SUSPICIOUS_MOVE = YES;
				CLANG_WARN_UNGUARDED_AVAILABILITY = YES_AGGRESSIVE;
				CLANG_WARN_UNREACHABLE_CODE = YES;
				CLANG_WARN__DUPLICATE_METHOD_MATCH = YES;
				COPY_PHASE_STRIP = NO;
				DEBUG_INFORMATION_FORMAT = "dwarf-with-dsym";
				ENABLE_NS_ASSERTIONS = NO;
				ENABLE_STRICT_OBJC_MSGSEND = YES;
				GCC_C_LANGUAGE_STANDARD = gnu11;
				GCC_NO_COMMON_BLOCKS = YES;
				GCC_WARN_64_TO_32_BIT_CONVERSION = YES;
				GCC_WARN_ABOUT_RETURN_TYPE = YES_ERROR;
				GCC_WARN_UNDECLARED_SELECTOR = YES;
				GCC_WARN_UNINITIALIZED_AUTOS = YES_AGGRESSIVE;
				GCC_WARN_UNUSED_FUNCTION = YES;
				GCC_WARN_UNUSED_VARIABLE = YES;
				INFOPLIST_KEY_UILaunchScreen_Generation = YES;
				INFOPLIST_KEY_UIStatusBarStyle = UIStatusBarStyleLightContent;
				INFOPLIST_KEY_UISupportedInterfaceOrientations = UIInterfaceOrientationPortrait;
				IPHONEOS_DEPLOYMENT_TARGET = 16.0;
				MTL_ENABLE_DEBUG_INFO = NO;
				MTL_FAST_MATH = YES;
				PRODUCT_NAME = "$(TARGET_NAME)";
				SDKROOT = iphoneos;
				SWIFT_COMPILATION_MODE = wholemodule;
				SWIFT_OPTIMIZATION_LEVEL = "-O";
				SWIFT_VERSION = 5.0;
				TARGETED_DEVICE_FAMILY = 1;
			};
			name = Release;
		};
		FFF23AB5573DE1E40B09D4EB /* Debug */ = {
			isa = XCBuildConfiguration;
			buildSettings = {
				ALWAYS_SEARCH_USER_PATHS = NO;
				ASSETCATALOG_COMPILER_APPICON_NAME = AppIcon;
				ASSETCATALOG_COMPILER_GLOBAL_ACCENT_COLOR_NAME = AccentColor;
				CLANG_ANALYZER_NONNULL = YES;
				CLANG_ANALYZER_NUMBER_OBJECT_CONVERSION = YES_AGGRESSIVE;
				CLANG_CXX_LANGUAGE_STANDARD = "gnu++14";
				CLANG_CXX_LIBRARY = "libc++";
				CLANG_ENABLE_MODULES = YES;
				CLANG_ENABLE_OBJC_ARC = YES;
				CLANG_ENABLE_OBJC_WEAK = YES;
				CLANG_WARN_BLOCK_CAPTURE_AUTORELEASING = YES;
				CLANG_WARN_BOOL_CONVERSION = YES;
				CLANG_WARN_COMMA = YES;
				CLANG_WARN_CONSTANT_CONVERSION = YES;
				CLANG_WARN_DEPRECATED_OBJC_IMPLEMENTATIONS = YES;
				CLANG_WARN_DIRECT_OBJC_ISA_USAGE = YES_ERROR;
				CLANG_WARN_DOCUMENTATION_COMMENTS = YES;
				CLANG_WARN_EMPTY_BODY = YES;
				CLANG_WARN_ENUM_CONVERSION = YES;
				CLANG_WARN_INFINITE_RECURSION = YES;
				CLANG_WARN_INT_CONVERSION = YES;
				CLANG_WARN_NON_LITERAL_NULL_CONVERSION = YES;
				CLANG_WARN_OBJC_IMPLICIT_RETAIN_SELF = YES;
				CLANG_WARN_OBJC_LITERAL_CONVERSION = YES;
				CLANG_WARN_OBJC_ROOT_CLASS = YES_ERROR;
				CLANG_WARN_QUOTED_INCLUDE_IN_FRAMEWORK_HEADER = YES;
				CLANG_WARN_RANGE_LOOP_ANALYSIS = YES;
				CLANG_WARN_STRICT_PROTOTYPES = YES;
				CLANG_WARN_SUSPICIOUS_MOVE = YES;
				CLANG_WARN_UNGUARDED_AVAILABILITY = YES_AGGRESSIVE;
				CLANG_WARN_UNREACHABLE_CODE = YES;
				CLANG_WARN__DUPLICATE_METHOD_MATCH = YES;
				COPY_PHASE_STRIP = NO;
				DEBUG_INFORMATION_FORMAT = dwarf;
				ENABLE_STRICT_OBJC_MSGSEND = YES;
				ENABLE_TESTABILITY = YES;
				GCC_C_LANGUAGE_STANDARD = gnu11;
				GCC_DYNAMIC_NO_PIC = NO;
				GCC_NO_COMMON_BLOCKS = YES;
				GCC_OPTIMIZATION_LEVEL = 0;
				GCC_PREPROCESSOR_DEFINITIONS = (
					"$(inherited)",
					"DEBUG=1",
				);
				GCC_WARN_64_TO_32_BIT_CONVERSION = YES;
				GCC_WARN_ABOUT_RETURN_TYPE = YES_ERROR;
				GCC_WARN_UNDECLARED_SELECTOR = YES;
				GCC_WARN_UNINITIALIZED_AUTOS = YES_AGGRESSIVE;
				GCC_WARN_UNUSED_FUNCTION = YES;
				GCC_WARN_UNUSED_VARIABLE = YES;
				INFOPLIST_KEY_UILaunchScreen_Generation = YES;
				INFOPLIST_KEY_UIStatusBarStyle = UIStatusBarStyleLightContent;
				INFOPLIST_KEY_UISupportedInterfaceOrientations = UIInterfaceOrientationPortrait;
				IPHONEOS_DEPLOYMENT_TARGET = 16.0;
				MTL_ENABLE_DEBUG_INFO = INCLUDE_SOURCE;
				MTL_FAST_MATH = YES;
				ONLY_ACTIVE_ARCH = YES;
				PRODUCT_NAME = "$(TARGET_NAME)";
				SDKROOT = iphoneos;
				SWIFT_ACTIVE_COMPILATION_CONDITIONS = DEBUG;
				SWIFT_OPTIMIZATION_LEVEL = "-Onone";
				SWIFT_VERSION = 5.0;
				TARGETED_DEVICE_FAMILY = 1;
			};
			name = Debug;
		};
/* End XCBuildConfiguration section */

/* Begin XCConfigurationList section */
		24A07EF4E25983AA6B16A594 /* Build configuration list for PBXProject "CaptureDemo" */ = {
			isa = XCConfigurationList;
			buildConfigurations = (
				FFF23AB5573DE1E40B09D4EB /* Debug */,
				9583563FFD2D19A762F3316E /* Release */,
			);
			defaultConfigurationIsVisible = 0;
			defaultConfigurationName = Debug;
		};
		2B80C83D952B62131334AEAE /* Build configuration list for PBXNativeTarget "CaptureDemo" */ = {
			isa = XCConfigurationList;
			buildConfigurations = (
				49CCA88B29869B801D99888C /* Debug */,
				7F44E3F6FD8D782AF0EA11DF /* Release */,
			);
			defaultConfigurationIsVisible = 0;
			defaultConfigurationName = Debug;
		};
/* End XCConfigurationList section */
	};
	rootObject = 177D0CEB441C87CA54CB0593 /* Project object */;
}
